// !$*UTF8*$!
{
	archiveVersion = 1;
	classes = {
	};
	objectVersion = 50;
	objects = {

/* Begin PBXBuildFile section */
		5E086DD32051E3A3004D8D25 /* Manifest.plist in Copy Book Contents */ = {isa = PBXBuildFile; fileRef = 5E086DCF2051DF0F004D8D25 /* Manifest.plist */; };
		5E3196F32061DEA40077BBD7 /* LiveViewSupport.swift in Sources */ = {isa = PBXBuildFile; fileRef = 5E3196F22061DEA40077BBD7 /* LiveViewSupport.swift */; };
		5EA2E3C02056F35A00416A35 /* AppDelegate.swift in Sources */ = {isa = PBXBuildFile; fileRef = 5EA2E3BF2056F35A00416A35 /* AppDelegate.swift */; };
		5EA2E3CA2056F35B00416A35 /* LiveViewTestAppLaunchScreen.storyboard in Resources */ = {isa = PBXBuildFile; fileRef = 5EA2E3C82056F35B00416A35 /* LiveViewTestAppLaunchScreen.storyboard */; };
		5EA2E3D42056F36800416A35 /* libBook_Sources.a in Frameworks */ = {isa = PBXBuildFile; fileRef = 5EF2F9AB2054BBF300191409 /* libBook_Sources.a */; };
		5EA2E3DA2056F8D100416A35 /* PlaygroundBluetooth.framework in Embed Frameworks */ = {isa = PBXBuildFile; fileRef = 5EA2E3D82056F88700416A35 /* PlaygroundBluetooth.framework */; settings = {ATTRIBUTES = (CodeSignOnCopy, RemoveHeadersOnCopy, ); }; };
		5EA2E3DB2056F8D100416A35 /* PlaygroundSupport.framework in Embed Frameworks */ = {isa = PBXBuildFile; fileRef = 5EA2E3D72056F88700416A35 /* PlaygroundSupport.framework */; settings = {ATTRIBUTES = (CodeSignOnCopy, RemoveHeadersOnCopy, ); }; };
		5EBEC2F0205B399300975D3F /* LiveViewHost.framework in Embed Frameworks */ = {isa = PBXBuildFile; fileRef = 5EBEC2EF205B396500975D3F /* LiveViewHost.framework */; settings = {ATTRIBUTES = (CodeSignOnCopy, RemoveHeadersOnCopy, ); }; };
		5EF2F9AE2054BBF300191409 /* LiveGameViewController.swift in Sources */ = {isa = PBXBuildFile; fileRef = 5EF2F9AD2054BBF300191409 /* LiveGameViewController.swift */; };
		5EF2F9B72054E6FB00191409 /* Chapters in Copy Book Contents */ = {isa = PBXBuildFile; fileRef = 5EF2F9B62054E6F900191409 /* Chapters */; };
		5EF2F9B82054E6FE00191409 /* Sources in Copy Book Contents */ = {isa = PBXBuildFile; fileRef = 5EF2F9A52054BBB200191409 /* Sources */; };
		BF46349E20D9638F00CD12FD /* Settings.swift in Sources */ = {isa = PBXBuildFile; fileRef = BF46349D20D9638F00CD12FD /* Settings.swift */; };
		BF7AB29B20D0B55000A678D6 /* GridMenuViewController.swift in Sources */ = {isa = PBXBuildFile; fileRef = BF7AB29720D0B54F00A678D6 /* GridMenuViewController.swift */; };
		BF7AB29C20D0B55000A678D6 /* PauseViewController.swift in Sources */ = {isa = PBXBuildFile; fileRef = BF7AB29920D0B55000A678D6 /* PauseViewController.swift */; };
		BF7AB29D20D0B55000A678D6 /* MenuItem.swift in Sources */ = {isa = PBXBuildFile; fileRef = BF7AB29A20D0B55000A678D6 /* MenuItem.swift */; };
		BF7AB2A020D0B56900A678D6 /* GridCollectionViewLayout.swift in Sources */ = {isa = PBXBuildFile; fileRef = BF7AB29E20D0B56800A678D6 /* GridCollectionViewLayout.swift */; };
		BF7AB2A120D0B56900A678D6 /* GridCollectionViewCell.swift in Sources */ = {isa = PBXBuildFile; fileRef = BF7AB29F20D0B56800A678D6 /* GridCollectionViewCell.swift */; };
		BF7AB2A520D0B59A00A678D6 /* PausePresentationController.swift in Sources */ = {isa = PBXBuildFile; fileRef = BF7AB2A320D0B59A00A678D6 /* PausePresentationController.swift */; };
		BF7AB2A920D0B5AC00A678D6 /* PauseStoryboardSegue.swift in Sources */ = {isa = PBXBuildFile; fileRef = BF7AB2A720D0B5AC00A678D6 /* PauseStoryboardSegue.swift */; };
		BF7AB2AA20D0B5AC00A678D6 /* PauseTransitionCoordinator.swift in Sources */ = {isa = PBXBuildFile; fileRef = BF7AB2A820D0B5AC00A678D6 /* PauseTransitionCoordinator.swift */; };
		BF7AB2AD20D0B9C900A678D6 /* Roxas.swift in Sources */ = {isa = PBXBuildFile; fileRef = BF7AB2AC20D0B9C900A678D6 /* Roxas.swift */; };
		BF7AB2B020D0BA0000A678D6 /* UIColor+Delta.swift in Sources */ = {isa = PBXBuildFile; fileRef = BF7AB2AF20D0BA0000A678D6 /* UIColor+Delta.swift */; };
		BF7AB2B220D0BD7000A678D6 /* UILabel+FontSize.swift in Sources */ = {isa = PBXBuildFile; fileRef = BF7AB2B120D0BD7000A678D6 /* UILabel+FontSize.swift */; };
		BF7AB2BB20D0C40000A678D6 /* DeltaCoreProtocol+Delta.swift in Sources */ = {isa = PBXBuildFile; fileRef = BF7AB2BA20D0C40000A678D6 /* DeltaCoreProtocol+Delta.swift */; };
		BF7AB2BE20D0C43900A678D6 /* System.swift in Sources */ = {isa = PBXBuildFile; fileRef = BF7AB2BD20D0C43900A678D6 /* System.swift */; };
		BF7AB2C220D0FF4E00A678D6 /* RSTCellContentView.swift in Sources */ = {isa = PBXBuildFile; fileRef = BF7AB2C120D0FF4E00A678D6 /* RSTCellContentView.swift */; };
		BF7AB2C420D104C200A678D6 /* RSTCollectionViewChangeOperation.swift in Sources */ = {isa = PBXBuildFile; fileRef = BF7AB2C320D104C200A678D6 /* RSTCollectionViewChangeOperation.swift */; };
		BF7AB2C620D106CB00A678D6 /* RSTCellContentDataSource.swift in Sources */ = {isa = PBXBuildFile; fileRef = BF7AB2C520D106CB00A678D6 /* RSTCellContentDataSource.swift */; };
		BF7AB2C820D10FC200A678D6 /* RSTOperationQueue.swift in Sources */ = {isa = PBXBuildFile; fileRef = BF7AB2C720D10FC200A678D6 /* RSTOperationQueue.swift */; };
		BFA5FCDE20D2E1A300A3C5AB /* KeyboardResponder.swift in Sources */ = {isa = PBXBuildFile; fileRef = BFA5FCDD20D2E1A300A3C5AB /* KeyboardResponder.swift */; };
		BFA5FCE020D3112E00A3C5AB /* KeyboardGameController.deltamapping in Resources */ = {isa = PBXBuildFile; fileRef = BFA5FCDF20D3112E00A3C5AB /* KeyboardGameController.deltamapping */; };
		BFA5FCE520D36B0900A3C5AB /* UIResponder+FirstResponder.swift in Sources */ = {isa = PBXBuildFile; fileRef = BFA5FCE420D36B0900A3C5AB /* UIResponder+FirstResponder.swift */; };
		BFA5FCE720D36B6900A3C5AB /* UIApplication+AppExtension.swift in Sources */ = {isa = PBXBuildFile; fileRef = BFA5FCE620D36B6900A3C5AB /* UIApplication+AppExtension.swift */; };
		BFAC941220D0718700904D49 /* NESDeltaCore in Copy Delta Files */ = {isa = PBXBuildFile; fileRef = BFD7727920D068DC003D3AF9 /* NESDeltaCore */; };
		BFAC941720D0812400904D49 /* LiveView.storyboard in Resources */ = {isa = PBXBuildFile; fileRef = 5E086DCC2051DDAE004D8D25 /* LiveView.storyboard */; };
		BFAC941920D083BA00904D49 /* ViewController.swift in Sources */ = {isa = PBXBuildFile; fileRef = BFAC941820D083BA00904D49 /* ViewController.swift */; };
		BFAC941B20D0840100904D49 /* Main.storyboard in Resources */ = {isa = PBXBuildFile; fileRef = BFAC941A20D0840100904D49 /* Main.storyboard */; };
		BFCE06A420D1BA3D0095048E /* RSTFetchedResultsDataSource.swift in Sources */ = {isa = PBXBuildFile; fileRef = BFCE06A320D1BA3D0095048E /* RSTFetchedResultsDataSource.swift */; };
		BFCE06AA20D1BF570095048E /* RSTPlaceholderView.swift in Sources */ = {isa = PBXBuildFile; fileRef = BFCE06A920D1BF570095048E /* RSTPlaceholderView.swift */; };
		BFCE06AE20D1C0740095048E /* SaveStatesCollectionHeaderView.swift in Sources */ = {isa = PBXBuildFile; fileRef = BFCE06AC20D1C0730095048E /* SaveStatesCollectionHeaderView.swift */; };
		BFCE06AF20D1C0740095048E /* SaveStatesViewController.swift in Sources */ = {isa = PBXBuildFile; fileRef = BFCE06AD20D1C0740095048E /* SaveStatesViewController.swift */; };
		BFCE06B220D1C50B0095048E /* DatabaseManager.swift in Sources */ = {isa = PBXBuildFile; fileRef = BFCE06B120D1C50B0095048E /* DatabaseManager.swift */; };
		BFCE06CE20D1C5240095048E /* _Game.swift in Sources */ = {isa = PBXBuildFile; fileRef = BFCE06C820D1C5240095048E /* _Game.swift */; };
		BFCE06CF20D1C5240095048E /* _SaveState.swift in Sources */ = {isa = PBXBuildFile; fileRef = BFCE06C920D1C5240095048E /* _SaveState.swift */; };
		BFCE06D020D1C5240095048E /* _Cheat.swift in Sources */ = {isa = PBXBuildFile; fileRef = BFCE06CA20D1C5240095048E /* _Cheat.swift */; };
		BFCE06D320D1C6140095048E /* Action.swift in Sources */ = {isa = PBXBuildFile; fileRef = BFCE06D220D1C6140095048E /* Action.swift */; };
		BFCE06D620D1C6250095048E /* NSManagedObject+Conveniences.swift in Sources */ = {isa = PBXBuildFile; fileRef = BFCE06D420D1C6250095048E /* NSManagedObject+Conveniences.swift */; };
		BFCE06D720D1C6250095048E /* NSManagedObjectContext+Conveniences.swift in Sources */ = {isa = PBXBuildFile; fileRef = BFCE06D520D1C6250095048E /* NSManagedObjectContext+Conveniences.swift */; };
		BFCE06D920D1C8BC0095048E /* LoadImageURLOperation.swift in Sources */ = {isa = PBXBuildFile; fileRef = BFCE06D820D1C8BC0095048E /* LoadImageURLOperation.swift */; };
		BFCE06DD20D1CA850095048E /* UIViewController+TransitionState.swift in Sources */ = {isa = PBXBuildFile; fileRef = BFCE06DC20D1CA850095048E /* UIViewController+TransitionState.swift */; };
		BFCE06E020D1CB410095048E /* FileManager+Conveniences.swift in Sources */ = {isa = PBXBuildFile; fileRef = BFCE06DF20D1CB410095048E /* FileManager+Conveniences.swift */; };
		BFCE06E220D1CDBF0095048E /* DLTAGameViewController.swift in Sources */ = {isa = PBXBuildFile; fileRef = BFCE06E120D1CDBF0095048E /* DLTAGameViewController.swift */; };
		BFCE06E520D1CE840095048E /* ActionInput.swift in Sources */ = {isa = PBXBuildFile; fileRef = BFCE06E420D1CE830095048E /* ActionInput.swift */; };
		BFCE06E720D1CEB80095048E /* EmulatorCore+Cheats.swift in Sources */ = {isa = PBXBuildFile; fileRef = BFCE06E620D1CEB80095048E /* EmulatorCore+Cheats.swift */; };
		BFCE06EC20D1E23F0095048E /* NESCheat.swift in Sources */ = {isa = PBXBuildFile; fileRef = BFCE06E920D1E23F0095048E /* NESCheat.swift */; };
		BFCE06ED20D1E23F0095048E /* NESGame.swift in Sources */ = {isa = PBXBuildFile; fileRef = BFCE06EA20D1E23F0095048E /* NESGame.swift */; };
		BFCE06EE20D1E23F0095048E /* NESSaveState.swift in Sources */ = {isa = PBXBuildFile; fileRef = BFCE06EB20D1E23F0095048E /* NESSaveState.swift */; };
		BFCE06F220D1E2520095048E /* Delta.xcdatamodeld in Sources */ = {isa = PBXBuildFile; fileRef = BFCE06EF20D1E2520095048E /* Delta.xcdatamodeld */; };
		BFCE06F920D2224F0095048E /* EditCheatViewController.swift in Sources */ = {isa = PBXBuildFile; fileRef = BFCE06F420D2224D0095048E /* EditCheatViewController.swift */; };
		BFCE06FA20D2224F0095048E /* CheatValidator.swift in Sources */ = {isa = PBXBuildFile; fileRef = BFCE06F520D2224D0095048E /* CheatValidator.swift */; };
		BFCE06FB20D2224F0095048E /* CheatTextView.swift in Sources */ = {isa = PBXBuildFile; fileRef = BFCE06F620D2224E0095048E /* CheatTextView.swift */; };
		BFCE06FC20D2224F0095048E /* CheatsViewController.swift in Sources */ = {isa = PBXBuildFile; fileRef = BFCE06F720D2224F0095048E /* CheatsViewController.swift */; };
		BFCE06FD20D2224F0095048E /* CheatTableViewCell.swift in Sources */ = {isa = PBXBuildFile; fileRef = BFCE06F820D2224F0095048E /* CheatTableViewCell.swift */; };
		BFCE071D20D23C3F0095048E /* RSTPlaceholderView.xib in Resources */ = {isa = PBXBuildFile; fileRef = BFCE06A620D1BF470095048E /* RSTPlaceholderView.xib */; };
		BFCE071E20D23C3F0095048E /* Delta.xcdatamodeld in Resources */ = {isa = PBXBuildFile; fileRef = BFCE06EF20D1E2520095048E /* Delta.xcdatamodeld */; };
		BFCE071F20D23C3F0095048E /* PausePresentationControllerContentView.xib in Resources */ = {isa = PBXBuildFile; fileRef = BF7AB2A420D0B59A00A678D6 /* PausePresentationControllerContentView.xib */; };
		BFCE072020D23C3F0095048E /* PauseMenu.storyboard in Resources */ = {isa = PBXBuildFile; fileRef = BF7AB29820D0B55000A678D6 /* PauseMenu.storyboard */; };
		BFCE072120D23C3F0095048E /* MFiGameController.deltamapping in Resources */ = {isa = PBXBuildFile; fileRef = BFD7721420D061FB003D3AF9 /* MFiGameController.deltamapping */; };
		BFCE072220D23C3F0095048E /* nestopia.js in Resources */ = {isa = PBXBuildFile; fileRef = BFAC941020D06FE600904D49 /* nestopia.js */; };
		BFCE072320D23C3F0095048E /* Standard.deltaskin in Resources */ = {isa = PBXBuildFile; fileRef = BFD7728120D06914003D3AF9 /* Standard.deltaskin */; };
		BFCE072420D23C3F0095048E /* Standard.deltamapping in Resources */ = {isa = PBXBuildFile; fileRef = BFD7728220D06914003D3AF9 /* Standard.deltamapping */; };
		BFCE072520D23C3F0095048E /* ManifestPlist.strings in Resources */ = {isa = PBXBuildFile; fileRef = 5EF2F97E2054B6E400191409 /* ManifestPlist.strings */; };
		BFCE072620D23C3F0095048E /* LiveView.storyboard in Resources */ = {isa = PBXBuildFile; fileRef = 5E086DCC2051DDAE004D8D25 /* LiveView.storyboard */; };
		BFCE073E20D23DFC0095048E /* Pause@2x.png in Resources */ = {isa = PBXBuildFile; fileRef = BFCE073820D23DFA0095048E /* Pause@2x.png */; };
		BFCE073F20D23DFC0095048E /* LoadSaveState@2x.png in Resources */ = {isa = PBXBuildFile; fileRef = BFCE073920D23DFA0095048E /* LoadSaveState@2x.png */; };
		BFCE074020D23DFC0095048E /* CheatCodes@2x.png in Resources */ = {isa = PBXBuildFile; fileRef = BFCE073A20D23DFB0095048E /* CheatCodes@2x.png */; };
		BFCE074120D23DFC0095048E /* FastForward@2x.png in Resources */ = {isa = PBXBuildFile; fileRef = BFCE073B20D23DFB0095048E /* FastForward@2x.png */; };
		BFCE074220D23DFC0095048E /* SaveSaveState@2x.png in Resources */ = {isa = PBXBuildFile; fileRef = BFCE073C20D23DFC0095048E /* SaveSaveState@2x.png */; };
		BFCE074320D23DFC0095048E /* SustainButtons@2x.png in Resources */ = {isa = PBXBuildFile; fileRef = BFCE073D20D23DFC0095048E /* SustainButtons@2x.png */; };
		BFCE074420D24F6A0095048E /* PauseMenu.storyboard in Resources */ = {isa = PBXBuildFile; fileRef = BF7AB29820D0B55000A678D6 /* PauseMenu.storyboard */; };
		BFCE074F20D25B580095048E /* SHA1.swift in Sources */ = {isa = PBXBuildFile; fileRef = BFCE074E20D25B570095048E /* SHA1.swift */; };
		BFCE075120D268270095048E /* KeyboardGameController.swift in Sources */ = {isa = PBXBuildFile; fileRef = BFCE075020D268270095048E /* KeyboardGameController.swift */; };
		BFD7723B20D061FB003D3AF9 /* FilterChain.swift in Sources */ = {isa = PBXBuildFile; fileRef = BFD771FE20D061FB003D3AF9 /* FilterChain.swift */; };
		BFD7723C20D061FB003D3AF9 /* SamplerFilter.swift in Sources */ = {isa = PBXBuildFile; fileRef = BFD771FF20D061FB003D3AF9 /* SamplerFilter.swift */; };
		BFD7723D20D061FB003D3AF9 /* GameView.swift in Sources */ = {isa = PBXBuildFile; fileRef = BFD7720120D061FB003D3AF9 /* GameView.swift */; };
		BFD7723E20D061FB003D3AF9 /* GameViewController.swift in Sources */ = {isa = PBXBuildFile; fileRef = BFD7720220D061FB003D3AF9 /* GameViewController.swift */; };
		BFD7723F20D061FB003D3AF9 /* ControllerView.swift in Sources */ = {isa = PBXBuildFile; fileRef = BFD7720320D061FB003D3AF9 /* ControllerView.swift */; };
		BFD7724020D061FB003D3AF9 /* ControllerDebugView.swift in Sources */ = {isa = PBXBuildFile; fileRef = BFD7720420D061FB003D3AF9 /* ControllerDebugView.swift */; };
		BFD7724120D061FB003D3AF9 /* DeltaCore.m in Sources */ = {isa = PBXBuildFile; fileRef = BFD7720520D061FB003D3AF9 /* DeltaCore.m */; };
		BFD7724220D061FB003D3AF9 /* ExtensibleEnums.swift in Sources */ = {isa = PBXBuildFile; fileRef = BFD7720720D061FB003D3AF9 /* ExtensibleEnums.swift */; };
		BFD7724320D061FB003D3AF9 /* ExternalGameControllerManager.swift in Sources */ = {isa = PBXBuildFile; fileRef = BFD7720920D061FB003D3AF9 /* ExternalGameControllerManager.swift */; };
		BFD7724420D061FB003D3AF9 /* MFiGameController.swift in Sources */ = {isa = PBXBuildFile; fileRef = BFD7720A20D061FB003D3AF9 /* MFiGameController.swift */; };
		BFD7724520D061FB003D3AF9 /* UIDevice+Vibration.swift in Sources */ = {isa = PBXBuildFile; fileRef = BFD7720C20D061FB003D3AF9 /* UIDevice+Vibration.swift */; };
		BFD7724620D061FB003D3AF9 /* UIScreen+ControllerSkin.swift in Sources */ = {isa = PBXBuildFile; fileRef = BFD7720D20D061FB003D3AF9 /* UIScreen+ControllerSkin.swift */; };
		BFD7724720D061FB003D3AF9 /* Thread+RealTime.swift in Sources */ = {isa = PBXBuildFile; fileRef = BFD7720E20D061FB003D3AF9 /* Thread+RealTime.swift */; };
		BFD7724820D061FB003D3AF9 /* CGGeometry+Dictionary.swift in Sources */ = {isa = PBXBuildFile; fileRef = BFD7720F20D061FB003D3AF9 /* CGGeometry+Dictionary.swift */; };
		BFD7724920D061FB003D3AF9 /* CharacterSet+Hexadecimals.swift in Sources */ = {isa = PBXBuildFile; fileRef = BFD7721020D061FB003D3AF9 /* CharacterSet+Hexadecimals.swift */; };
		BFD7724A20D061FB003D3AF9 /* UIImage+PDF.swift in Sources */ = {isa = PBXBuildFile; fileRef = BFD7721120D061FB003D3AF9 /* UIImage+PDF.swift */; };
		BFD7724B20D061FB003D3AF9 /* CheatFormat.swift in Sources */ = {isa = PBXBuildFile; fileRef = BFD7721720D061FB003D3AF9 /* CheatFormat.swift */; };
		BFD7724C20D061FB003D3AF9 /* Game.swift in Sources */ = {isa = PBXBuildFile; fileRef = BFD7721820D061FB003D3AF9 /* Game.swift */; };
		BFD7724D20D061FB003D3AF9 /* ControllerSkin.swift in Sources */ = {isa = PBXBuildFile; fileRef = BFD7721920D061FB003D3AF9 /* ControllerSkin.swift */; };
		BFD7724E20D061FB003D3AF9 /* GameControllerInputMapping.swift in Sources */ = {isa = PBXBuildFile; fileRef = BFD7721A20D061FB003D3AF9 /* GameControllerInputMapping.swift */; };
		BFD7724F20D061FB003D3AF9 /* Cheat.swift in Sources */ = {isa = PBXBuildFile; fileRef = BFD7721B20D061FB003D3AF9 /* Cheat.swift */; };
		BFD7725020D061FB003D3AF9 /* GameControllerStateManager.swift in Sources */ = {isa = PBXBuildFile; fileRef = BFD7721C20D061FB003D3AF9 /* GameControllerStateManager.swift */; };
		BFD7725120D061FB003D3AF9 /* SaveState.swift in Sources */ = {isa = PBXBuildFile; fileRef = BFD7721D20D061FB003D3AF9 /* SaveState.swift */; };
		BFD7725220D061FB003D3AF9 /* ControllerSkinTraits.swift in Sources */ = {isa = PBXBuildFile; fileRef = BFD7721E20D061FB003D3AF9 /* ControllerSkinTraits.swift */; };
		BFD7725320D061FB003D3AF9 /* StandardGameControllerInput.swift in Sources */ = {isa = PBXBuildFile; fileRef = BFD7722020D061FB003D3AF9 /* StandardGameControllerInput.swift */; };
		BFD7725420D061FB003D3AF9 /* AnyInput.swift in Sources */ = {isa = PBXBuildFile; fileRef = BFD7722120D061FB003D3AF9 /* AnyInput.swift */; };
		BFD7725520D061FB003D3AF9 /* VideoManager.swift in Sources */ = {isa = PBXBuildFile; fileRef = BFD7722420D061FB003D3AF9 /* VideoManager.swift */; };
		BFD7725620D061FB003D3AF9 /* VideoFormat.swift in Sources */ = {isa = PBXBuildFile; fileRef = BFD7722520D061FB003D3AF9 /* VideoFormat.swift */; };
		BFD7725720D061FB003D3AF9 /* RingBuffer.swift in Sources */ = {isa = PBXBuildFile; fileRef = BFD7722720D061FB003D3AF9 /* RingBuffer.swift */; };
		BFD7725820D061FB003D3AF9 /* AudioManager.swift in Sources */ = {isa = PBXBuildFile; fileRef = BFD7722820D061FB003D3AF9 /* AudioManager.swift */; };
		BFD7725920D061FB003D3AF9 /* EmulatorCore.swift in Sources */ = {isa = PBXBuildFile; fileRef = BFD7722920D061FB003D3AF9 /* EmulatorCore.swift */; };
		BFD7725A20D061FB003D3AF9 /* CheatProtocol.swift in Sources */ = {isa = PBXBuildFile; fileRef = BFD7722C20D061FB003D3AF9 /* CheatProtocol.swift */; };
		BFD7725B20D061FB003D3AF9 /* GameProtocol.swift in Sources */ = {isa = PBXBuildFile; fileRef = BFD7722D20D061FB003D3AF9 /* GameProtocol.swift */; };
		BFD7725C20D061FB003D3AF9 /* SaveStateProtocol.swift in Sources */ = {isa = PBXBuildFile; fileRef = BFD7722E20D061FB003D3AF9 /* SaveStateProtocol.swift */; };
		BFD7725D20D061FB003D3AF9 /* GameControllerInputMappingProtocol.swift in Sources */ = {isa = PBXBuildFile; fileRef = BFD7722F20D061FB003D3AF9 /* GameControllerInputMappingProtocol.swift */; };
		BFD7725E20D061FB003D3AF9 /* ControllerSkinProtocol.swift in Sources */ = {isa = PBXBuildFile; fileRef = BFD7723020D061FB003D3AF9 /* ControllerSkinProtocol.swift */; };
		BFD7725F20D061FB003D3AF9 /* VideoRendering.swift in Sources */ = {isa = PBXBuildFile; fileRef = BFD7723220D061FB003D3AF9 /* VideoRendering.swift */; };
		BFD7726020D061FB003D3AF9 /* AudioRendering.swift in Sources */ = {isa = PBXBuildFile; fileRef = BFD7723320D061FB003D3AF9 /* AudioRendering.swift */; };
		BFD7726120D061FB003D3AF9 /* GameController.swift in Sources */ = {isa = PBXBuildFile; fileRef = BFD7723520D061FB003D3AF9 /* GameController.swift */; };
		BFD7726220D061FB003D3AF9 /* Input.swift in Sources */ = {isa = PBXBuildFile; fileRef = BFD7723620D061FB003D3AF9 /* Input.swift */; };
		BFD7726320D061FB003D3AF9 /* Delta.swift in Sources */ = {isa = PBXBuildFile; fileRef = BFD7723720D061FB003D3AF9 /* Delta.swift */; };
		BFD7726420D061FB003D3AF9 /* DeltaCoreProtocol.swift in Sources */ = {isa = PBXBuildFile; fileRef = BFD7723920D061FB003D3AF9 /* DeltaCoreProtocol.swift */; };
		BFD7726520D061FB003D3AF9 /* EmulatorBridging.swift in Sources */ = {isa = PBXBuildFile; fileRef = BFD7723A20D061FB003D3AF9 /* EmulatorBridging.swift */; };
		BFD7726620D06209003D3AF9 /* DeltaCore in Copy Delta Files */ = {isa = PBXBuildFile; fileRef = BFD771FB20D061D7003D3AF9 /* DeltaCore */; };
		BFD7727020D0623E003D3AF9 /* Archive.swift in Sources */ = {isa = PBXBuildFile; fileRef = BFD7726920D0623E003D3AF9 /* Archive.swift */; };
		BFD7727120D0623E003D3AF9 /* Archive+Reading.swift in Sources */ = {isa = PBXBuildFile; fileRef = BFD7726A20D0623E003D3AF9 /* Archive+Reading.swift */; };
		BFD7727220D0623E003D3AF9 /* Entry.swift in Sources */ = {isa = PBXBuildFile; fileRef = BFD7726B20D0623E003D3AF9 /* Entry.swift */; };
		BFD7727320D0623E003D3AF9 /* Data+Compression.swift in Sources */ = {isa = PBXBuildFile; fileRef = BFD7726C20D0623E003D3AF9 /* Data+Compression.swift */; };
		BFD7727420D0623E003D3AF9 /* Archive+Writing.swift in Sources */ = {isa = PBXBuildFile; fileRef = BFD7726D20D0623E003D3AF9 /* Archive+Writing.swift */; };
		BFD7727520D0623E003D3AF9 /* Data+Serialization.swift in Sources */ = {isa = PBXBuildFile; fileRef = BFD7726E20D0623E003D3AF9 /* Data+Serialization.swift */; };
		BFD7727620D0623E003D3AF9 /* FileManager+ZIP.swift in Sources */ = {isa = PBXBuildFile; fileRef = BFD7726F20D0623E003D3AF9 /* FileManager+ZIP.swift */; };
		BFD7727720D0624F003D3AF9 /* ZIPFoundation in Copy Delta Files */ = {isa = PBXBuildFile; fileRef = BFD7726720D06225003D3AF9 /* ZIPFoundation */; };
		BFD7728F20D06914003D3AF9 /* NESEmulatorBridge.swift in Sources */ = {isa = PBXBuildFile; fileRef = BFD7728420D06914003D3AF9 /* NESEmulatorBridge.swift */; };
		BFD7729020D06914003D3AF9 /* NES.swift in Sources */ = {isa = PBXBuildFile; fileRef = BFD7728520D06914003D3AF9 /* NES.swift */; };
/* End PBXBuildFile section */

/* Begin PBXBuildRule section */
		5E086DD42051E415004D8D25 /* PBXBuildRule */ = {
			isa = PBXBuildRule;
			compilerSpec = com.apple.compilers.proxy.script;
			filePatterns = "*/Manifest.plist";
			fileType = pattern.proxy;
			isEditable = 1;
			outputFiles = (
				"$(DERIVED_FILE_DIR)/$(INPUT_FILE_NAME)",
			);
			script = "mkdir -p \"${DERIVED_FILE_DIR}\"\n\n\"${PROJECT_DIR}\"/SupportingContent/Tools/expandBuildSettingReferences --output \"${SCRIPT_OUTPUT_FILE_0}\" --use-environment \"${SCRIPT_INPUT_FILE}\"\n";
		};
		BFCE070C20D235340095048E /* PBXBuildRule */ = {
			isa = PBXBuildRule;
			compilerSpec = com.apple.compilers.assetcatalog;
			filePatterns = "*.xcassets";
			fileType = pattern.proxy;
			isEditable = 1;
			outputFiles = (
			);
			script = "echo \"Hello World\"";
		};
/* End PBXBuildRule section */

/* Begin PBXContainerItemProxy section */
		5EA2E3CF2056F36100416A35 /* PBXContainerItemProxy */ = {
			isa = PBXContainerItemProxy;
			containerPortal = 5E2A7ADD204F611300F4E17A /* Project object */;
			proxyType = 1;
			remoteGlobalIDString = 5E086DBF2051C5A7004D8D25;
			remoteInfo = PlaygroundBook;
		};
		5EA2E3D12056F36300416A35 /* PBXContainerItemProxy */ = {
			isa = PBXContainerItemProxy;
			containerPortal = 5E2A7ADD204F611300F4E17A /* Project object */;
			proxyType = 1;
			remoteGlobalIDString = 5EF2F9AA2054BBF300191409;
			remoteInfo = Book_Sources;
		};
		5EF2F9B42054BDD100191409 /* PBXContainerItemProxy */ = {
			isa = PBXContainerItemProxy;
			containerPortal = 5E2A7ADD204F611300F4E17A /* Project object */;
			proxyType = 1;
			remoteGlobalIDString = 5EF2F9AA2054BBF300191409;
			remoteInfo = Book_Sources;
		};
/* End PBXContainerItemProxy section */

/* Begin PBXCopyFilesBuildPhase section */
		5E086DD22051E35D004D8D25 /* Copy Book Contents */ = {
			isa = PBXCopyFilesBuildPhase;
			buildActionMask = 2147483647;
			dstPath = "$(CONTENTS_FOLDER_PATH)";
			dstSubfolderSpec = 16;
			files = (
				5E086DD32051E3A3004D8D25 /* Manifest.plist in Copy Book Contents */,
				5EF2F9B72054E6FB00191409 /* Chapters in Copy Book Contents */,
				5EF2F9B82054E6FE00191409 /* Sources in Copy Book Contents */,
			);
			name = "Copy Book Contents";
			runOnlyForDeploymentPostprocessing = 0;
		};
		5EA2E3D92056F8BD00416A35 /* Embed Frameworks */ = {
			isa = PBXCopyFilesBuildPhase;
			buildActionMask = 2147483647;
			dstPath = "";
			dstSubfolderSpec = 10;
			files = (
				5EBEC2F0205B399300975D3F /* LiveViewHost.framework in Embed Frameworks */,
				5EA2E3DA2056F8D100416A35 /* PlaygroundBluetooth.framework in Embed Frameworks */,
				5EA2E3DB2056F8D100416A35 /* PlaygroundSupport.framework in Embed Frameworks */,
			);
			name = "Embed Frameworks";
			runOnlyForDeploymentPostprocessing = 0;
		};
		BFD7703520D058E1003D3AF9 /* Copy Delta Files */ = {
			isa = PBXCopyFilesBuildPhase;
			buildActionMask = 2147483647;
			dstPath = "$(CONTENTS_FOLDER_PATH)/Sources";
			dstSubfolderSpec = 16;
			files = (
				BFAC941220D0718700904D49 /* NESDeltaCore in Copy Delta Files */,
				BFD7727720D0624F003D3AF9 /* ZIPFoundation in Copy Delta Files */,
				BFD7726620D06209003D3AF9 /* DeltaCore in Copy Delta Files */,
			);
			name = "Copy Delta Files";
			runOnlyForDeploymentPostprocessing = 0;
		};
/* End PBXCopyFilesBuildPhase section */

/* Begin PBXFileReference section */
		5E086DC02051C5A7004D8D25 /* DeltaLite.playgroundbook */ = {isa = PBXFileReference; explicitFileType = wrapper.cfbundle; includeInIndex = 0; path = DeltaLite.playgroundbook; sourceTree = BUILT_PRODUCTS_DIR; };
		5E086DC72051DD03004D8D25 /* BookOverridingBuildSettings.xcconfig */ = {isa = PBXFileReference; lastKnownFileType = text.xcconfig; path = BookOverridingBuildSettings.xcconfig; sourceTree = "<group>"; };
		5E086DCD2051DDB8004D8D25 /* Base */ = {isa = PBXFileReference; lastKnownFileType = file.storyboard; name = Base; path = Base.lproj/LiveView.storyboard; sourceTree = "<group>"; };
		5E086DCF2051DF0F004D8D25 /* Manifest.plist */ = {isa = PBXFileReference; lastKnownFileType = text.plist.xml; path = Manifest.plist; sourceTree = "<group>"; };
		5E0E37522065981C008FA4BE /* BuildSettings.xcconfig */ = {isa = PBXFileReference; lastKnownFileType = text.xcconfig; path = BuildSettings.xcconfig; sourceTree = "<group>"; };
		5E0E37542065A065008FA4BE /* README.md */ = {isa = PBXFileReference; lastKnownFileType = net.daringfireball.markdown; path = README.md; sourceTree = "<group>"; };
		5E1004BE208E7F6E00BCFE70 /* LICENSE.txt */ = {isa = PBXFileReference; lastKnownFileType = text; path = LICENSE.txt; sourceTree = "<group>"; };
		5E2A7AE6204F630600F4E17A /* BaseBuildSettings.xcconfig */ = {isa = PBXFileReference; lastKnownFileType = text.xcconfig; path = BaseBuildSettings.xcconfig; sourceTree = "<group>"; };
		5E3196F22061DEA40077BBD7 /* LiveViewSupport.swift */ = {isa = PBXFileReference; lastKnownFileType = sourcecode.swift; path = LiveViewSupport.swift; sourceTree = "<group>"; };
		5EA2E3BD2056F35A00416A35 /* LiveViewTestApp.app */ = {isa = PBXFileReference; explicitFileType = wrapper.application; includeInIndex = 0; path = LiveViewTestApp.app; sourceTree = BUILT_PRODUCTS_DIR; };
		5EA2E3BF2056F35A00416A35 /* AppDelegate.swift */ = {isa = PBXFileReference; lastKnownFileType = sourcecode.swift; path = AppDelegate.swift; sourceTree = "<group>"; };
		5EA2E3C92056F35B00416A35 /* Base */ = {isa = PBXFileReference; lastKnownFileType = file.storyboard; name = Base; path = Base.lproj/LiveViewTestAppLaunchScreen.storyboard; sourceTree = "<group>"; };
		5EA2E3CB2056F35B00416A35 /* Info.plist */ = {isa = PBXFileReference; lastKnownFileType = text.plist.xml; path = Info.plist; sourceTree = "<group>"; };
		5EA2E3D72056F88700416A35 /* PlaygroundSupport.framework */ = {isa = PBXFileReference; lastKnownFileType = wrapper.framework; path = PlaygroundSupport.framework; sourceTree = PLAYGROUNDS_FRAMEWORKS_DIR; };
		5EA2E3D82056F88700416A35 /* PlaygroundBluetooth.framework */ = {isa = PBXFileReference; lastKnownFileType = wrapper.framework; path = PlaygroundBluetooth.framework; sourceTree = PLAYGROUNDS_FRAMEWORKS_DIR; };
		5EBEC2EF205B396500975D3F /* LiveViewHost.framework */ = {isa = PBXFileReference; lastKnownFileType = wrapper.framework; path = LiveViewHost.framework; sourceTree = OTHER_FRAMEWORKS_DIR; };
		5EF2F97D2054B6E400191409 /* en */ = {isa = PBXFileReference; lastKnownFileType = text.plist.strings; name = en; path = en.lproj/ManifestPlist.strings; sourceTree = "<group>"; };
		5EF2F9A52054BBB200191409 /* Sources */ = {isa = PBXFileReference; lastKnownFileType = folder; path = Sources; sourceTree = "<group>"; };
		5EF2F9AB2054BBF300191409 /* libBook_Sources.a */ = {isa = PBXFileReference; explicitFileType = archive.ar; includeInIndex = 0; path = libBook_Sources.a; sourceTree = BUILT_PRODUCTS_DIR; };
		5EF2F9AD2054BBF300191409 /* LiveGameViewController.swift */ = {isa = PBXFileReference; lastKnownFileType = sourcecode.swift; path = LiveGameViewController.swift; sourceTree = "<group>"; };
		5EF2F9B62054E6F900191409 /* Chapters */ = {isa = PBXFileReference; lastKnownFileType = folder; path = Chapters; sourceTree = "<group>"; };
		BF46349D20D9638F00CD12FD /* Settings.swift */ = {isa = PBXFileReference; lastKnownFileType = sourcecode.swift; path = Settings.swift; sourceTree = "<group>"; };
		BF7AB29720D0B54F00A678D6 /* GridMenuViewController.swift */ = {isa = PBXFileReference; fileEncoding = 4; lastKnownFileType = sourcecode.swift; path = GridMenuViewController.swift; sourceTree = "<group>"; };
		BF7AB29820D0B55000A678D6 /* PauseMenu.storyboard */ = {isa = PBXFileReference; fileEncoding = 4; lastKnownFileType = file.storyboard; path = PauseMenu.storyboard; sourceTree = "<group>"; };
		BF7AB29920D0B55000A678D6 /* PauseViewController.swift */ = {isa = PBXFileReference; fileEncoding = 4; lastKnownFileType = sourcecode.swift; path = PauseViewController.swift; sourceTree = "<group>"; };
		BF7AB29A20D0B55000A678D6 /* MenuItem.swift */ = {isa = PBXFileReference; fileEncoding = 4; lastKnownFileType = sourcecode.swift; path = MenuItem.swift; sourceTree = "<group>"; };
		BF7AB29E20D0B56800A678D6 /* GridCollectionViewLayout.swift */ = {isa = PBXFileReference; fileEncoding = 4; lastKnownFileType = sourcecode.swift; path = GridCollectionViewLayout.swift; sourceTree = "<group>"; };
		BF7AB29F20D0B56800A678D6 /* GridCollectionViewCell.swift */ = {isa = PBXFileReference; fileEncoding = 4; lastKnownFileType = sourcecode.swift; path = GridCollectionViewCell.swift; sourceTree = "<group>"; };
		BF7AB2A320D0B59A00A678D6 /* PausePresentationController.swift */ = {isa = PBXFileReference; fileEncoding = 4; lastKnownFileType = sourcecode.swift; path = PausePresentationController.swift; sourceTree = "<group>"; };
		BF7AB2A420D0B59A00A678D6 /* PausePresentationControllerContentView.xib */ = {isa = PBXFileReference; fileEncoding = 4; lastKnownFileType = file.xib; path = PausePresentationControllerContentView.xib; sourceTree = "<group>"; };
		BF7AB2A720D0B5AC00A678D6 /* PauseStoryboardSegue.swift */ = {isa = PBXFileReference; fileEncoding = 4; lastKnownFileType = sourcecode.swift; path = PauseStoryboardSegue.swift; sourceTree = "<group>"; };
		BF7AB2A820D0B5AC00A678D6 /* PauseTransitionCoordinator.swift */ = {isa = PBXFileReference; fileEncoding = 4; lastKnownFileType = sourcecode.swift; path = PauseTransitionCoordinator.swift; sourceTree = "<group>"; };
		BF7AB2AC20D0B9C900A678D6 /* Roxas.swift */ = {isa = PBXFileReference; lastKnownFileType = sourcecode.swift; path = Roxas.swift; sourceTree = "<group>"; };
		BF7AB2AF20D0BA0000A678D6 /* UIColor+Delta.swift */ = {isa = PBXFileReference; fileEncoding = 4; lastKnownFileType = sourcecode.swift; path = "UIColor+Delta.swift"; sourceTree = "<group>"; };
		BF7AB2B120D0BD7000A678D6 /* UILabel+FontSize.swift */ = {isa = PBXFileReference; fileEncoding = 4; lastKnownFileType = sourcecode.swift; path = "UILabel+FontSize.swift"; sourceTree = "<group>"; };
		BF7AB2BA20D0C40000A678D6 /* DeltaCoreProtocol+Delta.swift */ = {isa = PBXFileReference; fileEncoding = 4; lastKnownFileType = sourcecode.swift; path = "DeltaCoreProtocol+Delta.swift"; sourceTree = "<group>"; };
		BF7AB2BD20D0C43900A678D6 /* System.swift */ = {isa = PBXFileReference; fileEncoding = 4; lastKnownFileType = sourcecode.swift; path = System.swift; sourceTree = "<group>"; };
		BF7AB2C120D0FF4E00A678D6 /* RSTCellContentView.swift */ = {isa = PBXFileReference; lastKnownFileType = sourcecode.swift; path = RSTCellContentView.swift; sourceTree = "<group>"; };
		BF7AB2C320D104C200A678D6 /* RSTCollectionViewChangeOperation.swift */ = {isa = PBXFileReference; lastKnownFileType = sourcecode.swift; path = RSTCollectionViewChangeOperation.swift; sourceTree = "<group>"; };
		BF7AB2C520D106CB00A678D6 /* RSTCellContentDataSource.swift */ = {isa = PBXFileReference; lastKnownFileType = sourcecode.swift; path = RSTCellContentDataSource.swift; sourceTree = "<group>"; };
		BF7AB2C720D10FC200A678D6 /* RSTOperationQueue.swift */ = {isa = PBXFileReference; lastKnownFileType = sourcecode.swift; path = RSTOperationQueue.swift; sourceTree = "<group>"; };
		BFA5FCDD20D2E1A300A3C5AB /* KeyboardResponder.swift */ = {isa = PBXFileReference; lastKnownFileType = sourcecode.swift; path = KeyboardResponder.swift; sourceTree = "<group>"; };
		BFA5FCDF20D3112E00A3C5AB /* KeyboardGameController.deltamapping */ = {isa = PBXFileReference; lastKnownFileType = file.bplist; path = KeyboardGameController.deltamapping; sourceTree = "<group>"; };
		BFA5FCE420D36B0900A3C5AB /* UIResponder+FirstResponder.swift */ = {isa = PBXFileReference; lastKnownFileType = sourcecode.swift; path = "UIResponder+FirstResponder.swift"; sourceTree = "<group>"; };
		BFA5FCE620D36B6900A3C5AB /* UIApplication+AppExtension.swift */ = {isa = PBXFileReference; lastKnownFileType = sourcecode.swift; path = "UIApplication+AppExtension.swift"; sourceTree = "<group>"; };
		BFAC941020D06FE600904D49 /* nestopia.js */ = {isa = PBXFileReference; fileEncoding = 4; lastKnownFileType = sourcecode.javascript; name = nestopia.js; path = ../NestopiaJS/nestopia.js; sourceTree = "<group>"; };
		BFAC941820D083BA00904D49 /* ViewController.swift */ = {isa = PBXFileReference; lastKnownFileType = sourcecode.swift; path = ViewController.swift; sourceTree = "<group>"; };
		BFAC941A20D0840100904D49 /* Main.storyboard */ = {isa = PBXFileReference; lastKnownFileType = file.storyboard; path = Main.storyboard; sourceTree = "<group>"; };
		BFCE06A320D1BA3D0095048E /* RSTFetchedResultsDataSource.swift */ = {isa = PBXFileReference; lastKnownFileType = sourcecode.swift; path = RSTFetchedResultsDataSource.swift; sourceTree = "<group>"; };
		BFCE06A620D1BF470095048E /* RSTPlaceholderView.xib */ = {isa = PBXFileReference; fileEncoding = 4; lastKnownFileType = file.xib; path = RSTPlaceholderView.xib; sourceTree = "<group>"; };
		BFCE06A920D1BF570095048E /* RSTPlaceholderView.swift */ = {isa = PBXFileReference; lastKnownFileType = sourcecode.swift; path = RSTPlaceholderView.swift; sourceTree = "<group>"; };
		BFCE06AC20D1C0730095048E /* SaveStatesCollectionHeaderView.swift */ = {isa = PBXFileReference; fileEncoding = 4; lastKnownFileType = sourcecode.swift; path = SaveStatesCollectionHeaderView.swift; sourceTree = "<group>"; };
		BFCE06AD20D1C0740095048E /* SaveStatesViewController.swift */ = {isa = PBXFileReference; fileEncoding = 4; lastKnownFileType = sourcecode.swift; path = SaveStatesViewController.swift; sourceTree = "<group>"; };
		BFCE06B120D1C50B0095048E /* DatabaseManager.swift */ = {isa = PBXFileReference; fileEncoding = 4; lastKnownFileType = sourcecode.swift; path = DatabaseManager.swift; sourceTree = "<group>"; };
		BFCE06C820D1C5240095048E /* _Game.swift */ = {isa = PBXFileReference; fileEncoding = 4; lastKnownFileType = sourcecode.swift; path = _Game.swift; sourceTree = "<group>"; };
		BFCE06C920D1C5240095048E /* _SaveState.swift */ = {isa = PBXFileReference; fileEncoding = 4; lastKnownFileType = sourcecode.swift; path = _SaveState.swift; sourceTree = "<group>"; };
		BFCE06CA20D1C5240095048E /* _Cheat.swift */ = {isa = PBXFileReference; fileEncoding = 4; lastKnownFileType = sourcecode.swift; path = _Cheat.swift; sourceTree = "<group>"; };
		BFCE06D220D1C6140095048E /* Action.swift */ = {isa = PBXFileReference; fileEncoding = 4; lastKnownFileType = sourcecode.swift; path = Action.swift; sourceTree = "<group>"; };
		BFCE06D420D1C6250095048E /* NSManagedObject+Conveniences.swift */ = {isa = PBXFileReference; fileEncoding = 4; lastKnownFileType = sourcecode.swift; path = "NSManagedObject+Conveniences.swift"; sourceTree = "<group>"; };
		BFCE06D520D1C6250095048E /* NSManagedObjectContext+Conveniences.swift */ = {isa = PBXFileReference; fileEncoding = 4; lastKnownFileType = sourcecode.swift; path = "NSManagedObjectContext+Conveniences.swift"; sourceTree = "<group>"; };
		BFCE06D820D1C8BC0095048E /* LoadImageURLOperation.swift */ = {isa = PBXFileReference; fileEncoding = 4; lastKnownFileType = sourcecode.swift; path = LoadImageURLOperation.swift; sourceTree = "<group>"; };
		BFCE06DC20D1CA850095048E /* UIViewController+TransitionState.swift */ = {isa = PBXFileReference; lastKnownFileType = sourcecode.swift; path = "UIViewController+TransitionState.swift"; sourceTree = "<group>"; };
		BFCE06DF20D1CB410095048E /* FileManager+Conveniences.swift */ = {isa = PBXFileReference; lastKnownFileType = sourcecode.swift; path = "FileManager+Conveniences.swift"; sourceTree = "<group>"; };
		BFCE06E120D1CDBF0095048E /* DLTAGameViewController.swift */ = {isa = PBXFileReference; fileEncoding = 4; lastKnownFileType = sourcecode.swift; path = DLTAGameViewController.swift; sourceTree = "<group>"; };
		BFCE06E420D1CE830095048E /* ActionInput.swift */ = {isa = PBXFileReference; fileEncoding = 4; lastKnownFileType = sourcecode.swift; path = ActionInput.swift; sourceTree = "<group>"; };
		BFCE06E620D1CEB80095048E /* EmulatorCore+Cheats.swift */ = {isa = PBXFileReference; fileEncoding = 4; lastKnownFileType = sourcecode.swift; path = "EmulatorCore+Cheats.swift"; sourceTree = "<group>"; };
		BFCE06E920D1E23F0095048E /* NESCheat.swift */ = {isa = PBXFileReference; fileEncoding = 4; lastKnownFileType = sourcecode.swift; path = NESCheat.swift; sourceTree = "<group>"; };
		BFCE06EA20D1E23F0095048E /* NESGame.swift */ = {isa = PBXFileReference; fileEncoding = 4; lastKnownFileType = sourcecode.swift; path = NESGame.swift; sourceTree = "<group>"; };
		BFCE06EB20D1E23F0095048E /* NESSaveState.swift */ = {isa = PBXFileReference; fileEncoding = 4; lastKnownFileType = sourcecode.swift; path = NESSaveState.swift; sourceTree = "<group>"; };
		BFCE06F020D1E2520095048E /* Delta.xcdatamodel */ = {isa = PBXFileReference; lastKnownFileType = wrapper.xcdatamodel; path = Delta.xcdatamodel; sourceTree = "<group>"; };
		BFCE06F120D1E2520095048E /* Delta 2.xcdatamodel */ = {isa = PBXFileReference; lastKnownFileType = wrapper.xcdatamodel; path = "Delta 2.xcdatamodel"; sourceTree = "<group>"; };
		BFCE06F420D2224D0095048E /* EditCheatViewController.swift */ = {isa = PBXFileReference; fileEncoding = 4; lastKnownFileType = sourcecode.swift; path = EditCheatViewController.swift; sourceTree = "<group>"; };
		BFCE06F520D2224D0095048E /* CheatValidator.swift */ = {isa = PBXFileReference; fileEncoding = 4; lastKnownFileType = sourcecode.swift; path = CheatValidator.swift; sourceTree = "<group>"; };
		BFCE06F620D2224E0095048E /* CheatTextView.swift */ = {isa = PBXFileReference; fileEncoding = 4; lastKnownFileType = sourcecode.swift; path = CheatTextView.swift; sourceTree = "<group>"; };
		BFCE06F720D2224F0095048E /* CheatsViewController.swift */ = {isa = PBXFileReference; fileEncoding = 4; lastKnownFileType = sourcecode.swift; path = CheatsViewController.swift; sourceTree = "<group>"; };
		BFCE06F820D2224F0095048E /* CheatTableViewCell.swift */ = {isa = PBXFileReference; fileEncoding = 4; lastKnownFileType = sourcecode.swift; path = CheatTableViewCell.swift; sourceTree = "<group>"; };
		BFCE071320D236C20095048E /* Info.plist */ = {isa = PBXFileReference; lastKnownFileType = text.plist.xml; path = Info.plist; sourceTree = "<group>"; };
		BFCE073820D23DFA0095048E /* Pause@2x.png */ = {isa = PBXFileReference; lastKnownFileType = image.png; path = "Pause@2x.png"; sourceTree = "<group>"; };
		BFCE073920D23DFA0095048E /* LoadSaveState@2x.png */ = {isa = PBXFileReference; lastKnownFileType = image.png; path = "LoadSaveState@2x.png"; sourceTree = "<group>"; };
		BFCE073A20D23DFB0095048E /* CheatCodes@2x.png */ = {isa = PBXFileReference; lastKnownFileType = image.png; path = "CheatCodes@2x.png"; sourceTree = "<group>"; };
		BFCE073B20D23DFB0095048E /* FastForward@2x.png */ = {isa = PBXFileReference; lastKnownFileType = image.png; path = "FastForward@2x.png"; sourceTree = "<group>"; };
		BFCE073C20D23DFC0095048E /* SaveSaveState@2x.png */ = {isa = PBXFileReference; lastKnownFileType = image.png; path = "SaveSaveState@2x.png"; sourceTree = "<group>"; };
		BFCE073D20D23DFC0095048E /* SustainButtons@2x.png */ = {isa = PBXFileReference; lastKnownFileType = image.png; path = "SustainButtons@2x.png"; sourceTree = "<group>"; };
		BFCE074E20D25B570095048E /* SHA1.swift */ = {isa = PBXFileReference; fileEncoding = 4; lastKnownFileType = sourcecode.swift; path = SHA1.swift; sourceTree = "<group>"; };
		BFCE075020D268270095048E /* KeyboardGameController.swift */ = {isa = PBXFileReference; lastKnownFileType = sourcecode.swift; path = KeyboardGameController.swift; sourceTree = "<group>"; };
		BFD771FB20D061D7003D3AF9 /* DeltaCore */ = {isa = PBXFileReference; lastKnownFileType = folder; name = DeltaCore; path = ../../Dependencies/DeltaCore/DeltaCore; sourceTree = "<group>"; };
		BFD771FE20D061FB003D3AF9 /* FilterChain.swift */ = {isa = PBXFileReference; fileEncoding = 4; lastKnownFileType = sourcecode.swift; path = FilterChain.swift; sourceTree = "<group>"; };
		BFD771FF20D061FB003D3AF9 /* SamplerFilter.swift */ = {isa = PBXFileReference; fileEncoding = 4; lastKnownFileType = sourcecode.swift; path = SamplerFilter.swift; sourceTree = "<group>"; };
		BFD7720120D061FB003D3AF9 /* GameView.swift */ = {isa = PBXFileReference; fileEncoding = 4; lastKnownFileType = sourcecode.swift; path = GameView.swift; sourceTree = "<group>"; };
		BFD7720220D061FB003D3AF9 /* GameViewController.swift */ = {isa = PBXFileReference; fileEncoding = 4; lastKnownFileType = sourcecode.swift; path = GameViewController.swift; sourceTree = "<group>"; };
		BFD7720320D061FB003D3AF9 /* ControllerView.swift */ = {isa = PBXFileReference; fileEncoding = 4; lastKnownFileType = sourcecode.swift; path = ControllerView.swift; sourceTree = "<group>"; };
		BFD7720420D061FB003D3AF9 /* ControllerDebugView.swift */ = {isa = PBXFileReference; fileEncoding = 4; lastKnownFileType = sourcecode.swift; path = ControllerDebugView.swift; sourceTree = "<group>"; };
		BFD7720520D061FB003D3AF9 /* DeltaCore.m */ = {isa = PBXFileReference; fileEncoding = 4; lastKnownFileType = sourcecode.c.objc; path = DeltaCore.m; sourceTree = "<group>"; };
		BFD7720720D061FB003D3AF9 /* ExtensibleEnums.swift */ = {isa = PBXFileReference; fileEncoding = 4; lastKnownFileType = sourcecode.swift; path = ExtensibleEnums.swift; sourceTree = "<group>"; };
		BFD7720920D061FB003D3AF9 /* ExternalGameControllerManager.swift */ = {isa = PBXFileReference; fileEncoding = 4; lastKnownFileType = sourcecode.swift; path = ExternalGameControllerManager.swift; sourceTree = "<group>"; };
		BFD7720A20D061FB003D3AF9 /* MFiGameController.swift */ = {isa = PBXFileReference; fileEncoding = 4; lastKnownFileType = sourcecode.swift; path = MFiGameController.swift; sourceTree = "<group>"; };
		BFD7720C20D061FB003D3AF9 /* UIDevice+Vibration.swift */ = {isa = PBXFileReference; fileEncoding = 4; lastKnownFileType = sourcecode.swift; path = "UIDevice+Vibration.swift"; sourceTree = "<group>"; };
		BFD7720D20D061FB003D3AF9 /* UIScreen+ControllerSkin.swift */ = {isa = PBXFileReference; fileEncoding = 4; lastKnownFileType = sourcecode.swift; path = "UIScreen+ControllerSkin.swift"; sourceTree = "<group>"; };
		BFD7720E20D061FB003D3AF9 /* Thread+RealTime.swift */ = {isa = PBXFileReference; fileEncoding = 4; lastKnownFileType = sourcecode.swift; path = "Thread+RealTime.swift"; sourceTree = "<group>"; };
		BFD7720F20D061FB003D3AF9 /* CGGeometry+Dictionary.swift */ = {isa = PBXFileReference; fileEncoding = 4; lastKnownFileType = sourcecode.swift; path = "CGGeometry+Dictionary.swift"; sourceTree = "<group>"; };
		BFD7721020D061FB003D3AF9 /* CharacterSet+Hexadecimals.swift */ = {isa = PBXFileReference; fileEncoding = 4; lastKnownFileType = sourcecode.swift; path = "CharacterSet+Hexadecimals.swift"; sourceTree = "<group>"; };
		BFD7721120D061FB003D3AF9 /* UIImage+PDF.swift */ = {isa = PBXFileReference; fileEncoding = 4; lastKnownFileType = sourcecode.swift; path = "UIImage+PDF.swift"; sourceTree = "<group>"; };
		BFD7721220D061FB003D3AF9 /* DeltaCore.h */ = {isa = PBXFileReference; fileEncoding = 4; lastKnownFileType = sourcecode.c.h; path = DeltaCore.h; sourceTree = "<group>"; };
		BFD7721420D061FB003D3AF9 /* MFiGameController.deltamapping */ = {isa = PBXFileReference; lastKnownFileType = file.bplist; path = MFiGameController.deltamapping; sourceTree = "<group>"; };
		BFD7721520D061FB003D3AF9 /* Info.plist */ = {isa = PBXFileReference; fileEncoding = 4; lastKnownFileType = text.plist.xml; path = Info.plist; sourceTree = "<group>"; };
		BFD7721720D061FB003D3AF9 /* CheatFormat.swift */ = {isa = PBXFileReference; fileEncoding = 4; lastKnownFileType = sourcecode.swift; path = CheatFormat.swift; sourceTree = "<group>"; };
		BFD7721820D061FB003D3AF9 /* Game.swift */ = {isa = PBXFileReference; fileEncoding = 4; lastKnownFileType = sourcecode.swift; path = Game.swift; sourceTree = "<group>"; };
		BFD7721920D061FB003D3AF9 /* ControllerSkin.swift */ = {isa = PBXFileReference; fileEncoding = 4; lastKnownFileType = sourcecode.swift; path = ControllerSkin.swift; sourceTree = "<group>"; };
		BFD7721A20D061FB003D3AF9 /* GameControllerInputMapping.swift */ = {isa = PBXFileReference; fileEncoding = 4; lastKnownFileType = sourcecode.swift; path = GameControllerInputMapping.swift; sourceTree = "<group>"; };
		BFD7721B20D061FB003D3AF9 /* Cheat.swift */ = {isa = PBXFileReference; fileEncoding = 4; lastKnownFileType = sourcecode.swift; path = Cheat.swift; sourceTree = "<group>"; };
		BFD7721C20D061FB003D3AF9 /* GameControllerStateManager.swift */ = {isa = PBXFileReference; fileEncoding = 4; lastKnownFileType = sourcecode.swift; path = GameControllerStateManager.swift; sourceTree = "<group>"; };
		BFD7721D20D061FB003D3AF9 /* SaveState.swift */ = {isa = PBXFileReference; fileEncoding = 4; lastKnownFileType = sourcecode.swift; path = SaveState.swift; sourceTree = "<group>"; };
		BFD7721E20D061FB003D3AF9 /* ControllerSkinTraits.swift */ = {isa = PBXFileReference; fileEncoding = 4; lastKnownFileType = sourcecode.swift; path = ControllerSkinTraits.swift; sourceTree = "<group>"; };
		BFD7722020D061FB003D3AF9 /* StandardGameControllerInput.swift */ = {isa = PBXFileReference; fileEncoding = 4; lastKnownFileType = sourcecode.swift; path = StandardGameControllerInput.swift; sourceTree = "<group>"; };
		BFD7722120D061FB003D3AF9 /* AnyInput.swift */ = {isa = PBXFileReference; fileEncoding = 4; lastKnownFileType = sourcecode.swift; path = AnyInput.swift; sourceTree = "<group>"; };
		BFD7722420D061FB003D3AF9 /* VideoManager.swift */ = {isa = PBXFileReference; fileEncoding = 4; lastKnownFileType = sourcecode.swift; path = VideoManager.swift; sourceTree = "<group>"; };
		BFD7722520D061FB003D3AF9 /* VideoFormat.swift */ = {isa = PBXFileReference; fileEncoding = 4; lastKnownFileType = sourcecode.swift; path = VideoFormat.swift; sourceTree = "<group>"; };
		BFD7722720D061FB003D3AF9 /* RingBuffer.swift */ = {isa = PBXFileReference; fileEncoding = 4; lastKnownFileType = sourcecode.swift; path = RingBuffer.swift; sourceTree = "<group>"; };
		BFD7722820D061FB003D3AF9 /* AudioManager.swift */ = {isa = PBXFileReference; fileEncoding = 4; lastKnownFileType = sourcecode.swift; path = AudioManager.swift; sourceTree = "<group>"; };
		BFD7722920D061FB003D3AF9 /* EmulatorCore.swift */ = {isa = PBXFileReference; fileEncoding = 4; lastKnownFileType = sourcecode.swift; path = EmulatorCore.swift; sourceTree = "<group>"; };
		BFD7722C20D061FB003D3AF9 /* CheatProtocol.swift */ = {isa = PBXFileReference; fileEncoding = 4; lastKnownFileType = sourcecode.swift; path = CheatProtocol.swift; sourceTree = "<group>"; };
		BFD7722D20D061FB003D3AF9 /* GameProtocol.swift */ = {isa = PBXFileReference; fileEncoding = 4; lastKnownFileType = sourcecode.swift; path = GameProtocol.swift; sourceTree = "<group>"; };
		BFD7722E20D061FB003D3AF9 /* SaveStateProtocol.swift */ = {isa = PBXFileReference; fileEncoding = 4; lastKnownFileType = sourcecode.swift; path = SaveStateProtocol.swift; sourceTree = "<group>"; };
		BFD7722F20D061FB003D3AF9 /* GameControllerInputMappingProtocol.swift */ = {isa = PBXFileReference; fileEncoding = 4; lastKnownFileType = sourcecode.swift; path = GameControllerInputMappingProtocol.swift; sourceTree = "<group>"; };
		BFD7723020D061FB003D3AF9 /* ControllerSkinProtocol.swift */ = {isa = PBXFileReference; fileEncoding = 4; lastKnownFileType = sourcecode.swift; path = ControllerSkinProtocol.swift; sourceTree = "<group>"; };
		BFD7723220D061FB003D3AF9 /* VideoRendering.swift */ = {isa = PBXFileReference; fileEncoding = 4; lastKnownFileType = sourcecode.swift; path = VideoRendering.swift; sourceTree = "<group>"; };
		BFD7723320D061FB003D3AF9 /* AudioRendering.swift */ = {isa = PBXFileReference; fileEncoding = 4; lastKnownFileType = sourcecode.swift; path = AudioRendering.swift; sourceTree = "<group>"; };
		BFD7723520D061FB003D3AF9 /* GameController.swift */ = {isa = PBXFileReference; fileEncoding = 4; lastKnownFileType = sourcecode.swift; path = GameController.swift; sourceTree = "<group>"; };
		BFD7723620D061FB003D3AF9 /* Input.swift */ = {isa = PBXFileReference; fileEncoding = 4; lastKnownFileType = sourcecode.swift; path = Input.swift; sourceTree = "<group>"; };
		BFD7723720D061FB003D3AF9 /* Delta.swift */ = {isa = PBXFileReference; fileEncoding = 4; lastKnownFileType = sourcecode.swift; path = Delta.swift; sourceTree = "<group>"; };
		BFD7723920D061FB003D3AF9 /* DeltaCoreProtocol.swift */ = {isa = PBXFileReference; fileEncoding = 4; lastKnownFileType = sourcecode.swift; path = DeltaCoreProtocol.swift; sourceTree = "<group>"; };
		BFD7723A20D061FB003D3AF9 /* EmulatorBridging.swift */ = {isa = PBXFileReference; fileEncoding = 4; lastKnownFileType = sourcecode.swift; path = EmulatorBridging.swift; sourceTree = "<group>"; };
		BFD7726720D06225003D3AF9 /* ZIPFoundation */ = {isa = PBXFileReference; lastKnownFileType = folder; name = ZIPFoundation; path = ../../Dependencies/DeltaCore/External/ZIPFoundation/Sources/ZIPFoundation; sourceTree = "<group>"; };
		BFD7726920D0623E003D3AF9 /* Archive.swift */ = {isa = PBXFileReference; fileEncoding = 4; lastKnownFileType = sourcecode.swift; path = Archive.swift; sourceTree = "<group>"; };
		BFD7726A20D0623E003D3AF9 /* Archive+Reading.swift */ = {isa = PBXFileReference; fileEncoding = 4; lastKnownFileType = sourcecode.swift; path = "Archive+Reading.swift"; sourceTree = "<group>"; };
		BFD7726B20D0623E003D3AF9 /* Entry.swift */ = {isa = PBXFileReference; fileEncoding = 4; lastKnownFileType = sourcecode.swift; path = Entry.swift; sourceTree = "<group>"; };
		BFD7726C20D0623E003D3AF9 /* Data+Compression.swift */ = {isa = PBXFileReference; fileEncoding = 4; lastKnownFileType = sourcecode.swift; path = "Data+Compression.swift"; sourceTree = "<group>"; };
		BFD7726D20D0623E003D3AF9 /* Archive+Writing.swift */ = {isa = PBXFileReference; fileEncoding = 4; lastKnownFileType = sourcecode.swift; path = "Archive+Writing.swift"; sourceTree = "<group>"; };
		BFD7726E20D0623E003D3AF9 /* Data+Serialization.swift */ = {isa = PBXFileReference; fileEncoding = 4; lastKnownFileType = sourcecode.swift; path = "Data+Serialization.swift"; sourceTree = "<group>"; };
		BFD7726F20D0623E003D3AF9 /* FileManager+ZIP.swift */ = {isa = PBXFileReference; fileEncoding = 4; lastKnownFileType = sourcecode.swift; path = "FileManager+ZIP.swift"; sourceTree = "<group>"; };
		BFD7727920D068DC003D3AF9 /* NESDeltaCore */ = {isa = PBXFileReference; lastKnownFileType = folder; name = NESDeltaCore; path = ../../Dependencies/NESDeltaCore/NESDeltaCore; sourceTree = "<group>"; };
		BFD7728120D06914003D3AF9 /* Standard.deltaskin */ = {isa = PBXFileReference; lastKnownFileType = file; path = Standard.deltaskin; sourceTree = "<group>"; };
		BFD7728220D06914003D3AF9 /* Standard.deltamapping */ = {isa = PBXFileReference; lastKnownFileType = file.bplist; path = Standard.deltamapping; sourceTree = "<group>"; };
		BFD7728420D06914003D3AF9 /* NESEmulatorBridge.swift */ = {isa = PBXFileReference; fileEncoding = 4; lastKnownFileType = sourcecode.swift; path = NESEmulatorBridge.swift; sourceTree = "<group>"; };
		BFD7728520D06914003D3AF9 /* NES.swift */ = {isa = PBXFileReference; fileEncoding = 4; lastKnownFileType = sourcecode.swift; path = NES.swift; sourceTree = "<group>"; };
		BFD7728620D06914003D3AF9 /* Info.plist */ = {isa = PBXFileReference; fileEncoding = 4; lastKnownFileType = text.plist.xml; path = Info.plist; sourceTree = "<group>"; };
		BFD7728720D06914003D3AF9 /* NESDeltaCore.h */ = {isa = PBXFileReference; fileEncoding = 4; lastKnownFileType = sourcecode.c.h; path = NESDeltaCore.h; sourceTree = "<group>"; };
/* End PBXFileReference section */

/* Begin PBXFrameworksBuildPhase section */
		5EA2E3BA2056F35A00416A35 /* Frameworks */ = {
			isa = PBXFrameworksBuildPhase;
			buildActionMask = 2147483647;
			files = (
				5EA2E3D42056F36800416A35 /* libBook_Sources.a in Frameworks */,
			);
			runOnlyForDeploymentPostprocessing = 0;
		};
		5EF2F9A82054BBF300191409 /* Frameworks */ = {
			isa = PBXFrameworksBuildPhase;
			buildActionMask = 2147483647;
			files = (
			);
			runOnlyForDeploymentPostprocessing = 0;
		};
/* End PBXFrameworksBuildPhase section */

/* Begin PBXGroup section */
		5E086DA4204F706E004D8D25 /* Products */ = {
			isa = PBXGroup;
			children = (
				5E086DC02051C5A7004D8D25 /* DeltaLite.playgroundbook */,
				5EF2F9AB2054BBF300191409 /* libBook_Sources.a */,
				5EA2E3BD2056F35A00416A35 /* LiveViewTestApp.app */,
			);
			name = Products;
			sourceTree = "<group>";
		};
		5E086DC12051C5A7004D8D25 /* PlaygroundBook */ = {
			isa = PBXGroup;
			children = (
				5E086DCF2051DF0F004D8D25 /* Manifest.plist */,
				5EF2F9A22054BB3E00191409 /* Sources */,
				5EF2F9792054B64800191409 /* PrivateResources */,
				5EF2F9B62054E6F900191409 /* Chapters */,
				5EF2F9A42054BB9500191409 /* Supporting Content */,
			);
			path = PlaygroundBook;
			sourceTree = "<group>";
		};
		5E0E3751206597E7008FA4BE /* Base */ = {
			isa = PBXGroup;
			children = (
				5E2A7AE6204F630600F4E17A /* BaseBuildSettings.xcconfig */,
			);
			path = Base;
			sourceTree = "<group>";
		};
		5E0E3753206599A0008FA4BE /* Overrides */ = {
			isa = PBXGroup;
			children = (
				5E086DC72051DD03004D8D25 /* BookOverridingBuildSettings.xcconfig */,
			);
			path = Overrides;
			sourceTree = "<group>";
		};
		5E1004BD208E7F6E00BCFE70 /* LICENSE */ = {
			isa = PBXGroup;
			children = (
				5E1004BE208E7F6E00BCFE70 /* LICENSE.txt */,
			);
			path = LICENSE;
			sourceTree = "<group>";
		};
		5E2A7ADC204F611300F4E17A = {
			isa = PBXGroup;
			children = (
				5E0E37542065A065008FA4BE /* README.md */,
				5E086DC12051C5A7004D8D25 /* PlaygroundBook */,
				5EA2E3BE2056F35A00416A35 /* LiveViewTestApp */,
				5E2A7AE3204F628B00F4E17A /* Config Files */,
				5E1004BD208E7F6E00BCFE70 /* LICENSE */,
				5EA2E3D52056F83400416A35 /* Supporting Content */,
				BFCE071220D236C20095048E /* TestBundle */,
				5E086DA4204F706E004D8D25 /* Products */,
			);
			sourceTree = "<group>";
		};
		5E2A7AE3204F628B00F4E17A /* Config Files */ = {
			isa = PBXGroup;
			children = (
				5E0E37522065981C008FA4BE /* BuildSettings.xcconfig */,
				5E0E3751206597E7008FA4BE /* Base */,
				5E0E3753206599A0008FA4BE /* Overrides */,
			);
			name = "Config Files";
			path = ConfigFiles;
			sourceTree = "<group>";
		};
		5EA2E3BE2056F35A00416A35 /* LiveViewTestApp */ = {
			isa = PBXGroup;
			children = (
				5EA2E3BF2056F35A00416A35 /* AppDelegate.swift */,
				BFAC941820D083BA00904D49 /* ViewController.swift */,
				BFAC941A20D0840100904D49 /* Main.storyboard */,
				5EA2E3C82056F35B00416A35 /* LiveViewTestAppLaunchScreen.storyboard */,
				5EA2E3CB2056F35B00416A35 /* Info.plist */,
			);
			path = LiveViewTestApp;
			sourceTree = "<group>";
		};
		5EA2E3D52056F83400416A35 /* Supporting Content */ = {
			isa = PBXGroup;
			children = (
				5EA2E3D62056F84000416A35 /* Playgrounds Frameworks */,
				5EBEC2EE205B395200975D3F /* Other Frameworks */,
			);
			name = "Supporting Content";
			sourceTree = "<group>";
		};
		5EA2E3D62056F84000416A35 /* Playgrounds Frameworks */ = {
			isa = PBXGroup;
			children = (
				5EA2E3D82056F88700416A35 /* PlaygroundBluetooth.framework */,
				5EA2E3D72056F88700416A35 /* PlaygroundSupport.framework */,
			);
			name = "Playgrounds Frameworks";
			sourceTree = "<group>";
		};
		5EBEC2EE205B395200975D3F /* Other Frameworks */ = {
			isa = PBXGroup;
			children = (
				5EBEC2EF205B396500975D3F /* LiveViewHost.framework */,
			);
			name = "Other Frameworks";
			sourceTree = "<group>";
		};
		5EF2F9792054B64800191409 /* PrivateResources */ = {
			isa = PBXGroup;
			children = (
				BFCE072720D23C850095048E /* Assets */,
				5EF2F97E2054B6E400191409 /* ManifestPlist.strings */,
				5E086DCC2051DDAE004D8D25 /* LiveView.storyboard */,
			);
			path = PrivateResources;
			sourceTree = "<group>";
		};
		5EF2F9A22054BB3E00191409 /* Sources */ = {
			isa = PBXGroup;
			children = (
				5EF2F9AD2054BBF300191409 /* LiveGameViewController.swift */,
				5E3196F22061DEA40077BBD7 /* LiveViewSupport.swift */,
				BFCE074E20D25B570095048E /* SHA1.swift */,
				BF46349D20D9638F00CD12FD /* Settings.swift */,
				BF7AB2AB20D0B6C500A678D6 /* Roxas */,
				BF7AB29620D0B52E00A678D6 /* Delta */,
				BFD771FC20D061FB003D3AF9 /* DeltaCore */,
				BFD7727A20D06914003D3AF9 /* NESDeltaCore */,
				BFD7726820D0623E003D3AF9 /* ZIPFoundation */,
			);
			path = Sources;
			sourceTree = "<group>";
		};
		5EF2F9A42054BB9500191409 /* Supporting Content */ = {
			isa = PBXGroup;
			children = (
				5EF2F9A52054BBB200191409 /* Sources */,
				BFD771FB20D061D7003D3AF9 /* DeltaCore */,
				BFD7727920D068DC003D3AF9 /* NESDeltaCore */,
				BFD7726720D06225003D3AF9 /* ZIPFoundation */,
			);
			name = "Supporting Content";
			sourceTree = "<group>";
		};
		BF7AB29620D0B52E00A678D6 /* Delta */ = {
			isa = PBXGroup;
			children = (
				BFCE06F320D2223F0095048E /* Cheats */,
				BFCE06E320D1CE7A0095048E /* Emulation */,
				BFCE06D120D1C6090095048E /* Components */,
				BFCE06B020D1C4A00095048E /* Model */,
				BFCE06AB20D1C05C0095048E /* Save States */,
				BF7AB2BC20D0C43000A678D6 /* Systems */,
				BF7AB2AE20D0B9E300A678D6 /* Extensions */,
				BF7AB2A620D0B59D00A678D6 /* Segues */,
				BF7AB2A220D0B58800A678D6 /* Presentation Controller */,
				BF7AB29720D0B54F00A678D6 /* GridMenuViewController.swift */,
				BF7AB29A20D0B55000A678D6 /* MenuItem.swift */,
				BF7AB29820D0B55000A678D6 /* PauseMenu.storyboard */,
				BF7AB29920D0B55000A678D6 /* PauseViewController.swift */,
				BF7AB29F20D0B56800A678D6 /* GridCollectionViewCell.swift */,
				BF7AB29E20D0B56800A678D6 /* GridCollectionViewLayout.swift */,
			);
			path = Delta;
			sourceTree = "<group>";
		};
		BF7AB2A220D0B58800A678D6 /* Presentation Controller */ = {
			isa = PBXGroup;
			children = (
				BF7AB2A320D0B59A00A678D6 /* PausePresentationController.swift */,
				BF7AB2A420D0B59A00A678D6 /* PausePresentationControllerContentView.xib */,
			);
			path = "Presentation Controller";
			sourceTree = "<group>";
		};
		BF7AB2A620D0B59D00A678D6 /* Segues */ = {
			isa = PBXGroup;
			children = (
				BF7AB2A720D0B5AC00A678D6 /* PauseStoryboardSegue.swift */,
				BF7AB2A820D0B5AC00A678D6 /* PauseTransitionCoordinator.swift */,
			);
			path = Segues;
			sourceTree = "<group>";
		};
		BF7AB2AB20D0B6C500A678D6 /* Roxas */ = {
			isa = PBXGroup;
			children = (
				BFCE06A520D1BF3B0095048E /* Placeholder View */,
				BF7AB2AC20D0B9C900A678D6 /* Roxas.swift */,
				BF7AB2C720D10FC200A678D6 /* RSTOperationQueue.swift */,
				BF7AB2C520D106CB00A678D6 /* RSTCellContentDataSource.swift */,
				BFCE06A320D1BA3D0095048E /* RSTFetchedResultsDataSource.swift */,
				BF7AB2C120D0FF4E00A678D6 /* RSTCellContentView.swift */,
				BF7AB2C320D104C200A678D6 /* RSTCollectionViewChangeOperation.swift */,
				BFCE06DE20D1CA890095048E /* Extensions */,
			);
			path = Roxas;
			sourceTree = "<group>";
		};
		BF7AB2AE20D0B9E300A678D6 /* Extensions */ = {
			isa = PBXGroup;
			children = (
				BF7AB2BA20D0C40000A678D6 /* DeltaCoreProtocol+Delta.swift */,
				BF7AB2B120D0BD7000A678D6 /* UILabel+FontSize.swift */,
				BF7AB2AF20D0BA0000A678D6 /* UIColor+Delta.swift */,
				BFCE06D420D1C6250095048E /* NSManagedObject+Conveniences.swift */,
				BFCE06D520D1C6250095048E /* NSManagedObjectContext+Conveniences.swift */,
				BFCE06E620D1CEB80095048E /* EmulatorCore+Cheats.swift */,
			);
			path = Extensions;
			sourceTree = "<group>";
		};
		BF7AB2BC20D0C43000A678D6 /* Systems */ = {
			isa = PBXGroup;
			children = (
				BF7AB2BD20D0C43900A678D6 /* System.swift */,
			);
			path = Systems;
			sourceTree = "<group>";
		};
		BFA5FCE220D3601300A3C5AB /* Keyboard */ = {
			isa = PBXGroup;
			children = (
				BFCE075020D268270095048E /* KeyboardGameController.swift */,
				BFA5FCDD20D2E1A300A3C5AB /* KeyboardResponder.swift */,
			);
			path = Keyboard;
			sourceTree = "<group>";
		};
		BFA5FCE320D3601B00A3C5AB /* MFi */ = {
			isa = PBXGroup;
			children = (
				BFD7720A20D061FB003D3AF9 /* MFiGameController.swift */,
			);
			path = MFi;
			sourceTree = "<group>";
		};
		BFCE06A520D1BF3B0095048E /* Placeholder View */ = {
			isa = PBXGroup;
			children = (
				BFCE06A920D1BF570095048E /* RSTPlaceholderView.swift */,
				BFCE06A620D1BF470095048E /* RSTPlaceholderView.xib */,
			);
			path = "Placeholder View";
			sourceTree = "<group>";
		};
		BFCE06AB20D1C05C0095048E /* Save States */ = {
			isa = PBXGroup;
			children = (
				BFCE06AD20D1C0740095048E /* SaveStatesViewController.swift */,
				BFCE06AC20D1C0730095048E /* SaveStatesCollectionHeaderView.swift */,
			);
			path = "Save States";
			sourceTree = "<group>";
		};
		BFCE06B020D1C4A00095048E /* Model */ = {
			isa = PBXGroup;
			children = (
				BFCE06B120D1C50B0095048E /* DatabaseManager.swift */,
				BFCE06EF20D1E2520095048E /* Delta.xcdatamodeld */,
				BFCE06E820D1E21B0095048E /* Human */,
				BFCE06C420D1C5240095048E /* Machine */,
			);
			path = Model;
			sourceTree = "<group>";
		};
		BFCE06C420D1C5240095048E /* Machine */ = {
			isa = PBXGroup;
			children = (
				BFCE06C820D1C5240095048E /* _Game.swift */,
				BFCE06C920D1C5240095048E /* _SaveState.swift */,
				BFCE06CA20D1C5240095048E /* _Cheat.swift */,
			);
			path = Machine;
			sourceTree = "<group>";
		};
		BFCE06D120D1C6090095048E /* Components */ = {
			isa = PBXGroup;
			children = (
				BFCE06D820D1C8BC0095048E /* LoadImageURLOperation.swift */,
				BFCE06D220D1C6140095048E /* Action.swift */,
			);
			path = Components;
			sourceTree = "<group>";
		};
		BFCE06DE20D1CA890095048E /* Extensions */ = {
			isa = PBXGroup;
			children = (
				BFCE06DC20D1CA850095048E /* UIViewController+TransitionState.swift */,
				BFCE06DF20D1CB410095048E /* FileManager+Conveniences.swift */,
			);
			path = Extensions;
			sourceTree = "<group>";
		};
		BFCE06E320D1CE7A0095048E /* Emulation */ = {
			isa = PBXGroup;
			children = (
				BFCE06E120D1CDBF0095048E /* DLTAGameViewController.swift */,
				BFCE06E420D1CE830095048E /* ActionInput.swift */,
			);
			path = Emulation;
			sourceTree = "<group>";
		};
		BFCE06E820D1E21B0095048E /* Human */ = {
			isa = PBXGroup;
			children = (
				BFCE06E920D1E23F0095048E /* NESCheat.swift */,
				BFCE06EA20D1E23F0095048E /* NESGame.swift */,
				BFCE06EB20D1E23F0095048E /* NESSaveState.swift */,
			);
			path = Human;
			sourceTree = "<group>";
		};
		BFCE06F320D2223F0095048E /* Cheats */ = {
			isa = PBXGroup;
			children = (
				BFCE06F720D2224F0095048E /* CheatsViewController.swift */,
				BFCE06F820D2224F0095048E /* CheatTableViewCell.swift */,
				BFCE06F620D2224E0095048E /* CheatTextView.swift */,
				BFCE06F520D2224D0095048E /* CheatValidator.swift */,
				BFCE06F420D2224D0095048E /* EditCheatViewController.swift */,
			);
			path = Cheats;
			sourceTree = "<group>";
		};
		BFCE071220D236C20095048E /* TestBundle */ = {
			isa = PBXGroup;
			children = (
				BFCE071320D236C20095048E /* Info.plist */,
			);
			path = TestBundle;
			sourceTree = "<group>";
		};
		BFCE072720D23C850095048E /* Assets */ = {
			isa = PBXGroup;
			children = (
				BFCE073A20D23DFB0095048E /* CheatCodes@2x.png */,
				BFCE073B20D23DFB0095048E /* FastForward@2x.png */,
				BFCE073920D23DFA0095048E /* LoadSaveState@2x.png */,
				BFCE073820D23DFA0095048E /* Pause@2x.png */,
				BFCE073C20D23DFC0095048E /* SaveSaveState@2x.png */,
				BFCE073D20D23DFC0095048E /* SustainButtons@2x.png */,
			);
			path = Assets;
			sourceTree = "<group>";
		};
		BFD771FC20D061FB003D3AF9 /* DeltaCore */ = {
			isa = PBXGroup;
			children = (
				BFD7721220D061FB003D3AF9 /* DeltaCore.h */,
				BFD7720520D061FB003D3AF9 /* DeltaCore.m */,
				BFD7723720D061FB003D3AF9 /* Delta.swift */,
				BFD7723820D061FB003D3AF9 /* Cores */,
				BFD7722220D061FB003D3AF9 /* Emulator Core */,
				BFD7720020D061FB003D3AF9 /* UI */,
				BFD7721620D061FB003D3AF9 /* Model */,
				BFD7720820D061FB003D3AF9 /* Game Controllers */,
				BFD771FD20D061FB003D3AF9 /* Filters */,
				BFD7722A20D061FB003D3AF9 /* Protocols */,
				BFD7720620D061FB003D3AF9 /* Types */,
				BFD7720B20D061FB003D3AF9 /* Extensions */,
				BFD7721320D061FB003D3AF9 /* Supporting Files */,
			);
			name = DeltaCore;
			path = ../../../Dependencies/DeltaCore/DeltaCore;
			sourceTree = "<group>";
		};
		BFD771FD20D061FB003D3AF9 /* Filters */ = {
			isa = PBXGroup;
			children = (
				BFD771FE20D061FB003D3AF9 /* FilterChain.swift */,
				BFD771FF20D061FB003D3AF9 /* SamplerFilter.swift */,
			);
			path = Filters;
			sourceTree = "<group>";
		};
		BFD7720020D061FB003D3AF9 /* UI */ = {
			isa = PBXGroup;
			children = (
				BFD7720120D061FB003D3AF9 /* GameView.swift */,
				BFD7720220D061FB003D3AF9 /* GameViewController.swift */,
				BFD7720320D061FB003D3AF9 /* ControllerView.swift */,
				BFD7720420D061FB003D3AF9 /* ControllerDebugView.swift */,
			);
			path = UI;
			sourceTree = "<group>";
		};
		BFD7720620D061FB003D3AF9 /* Types */ = {
			isa = PBXGroup;
			children = (
				BFD7720720D061FB003D3AF9 /* ExtensibleEnums.swift */,
			);
			path = Types;
			sourceTree = "<group>";
		};
		BFD7720820D061FB003D3AF9 /* Game Controllers */ = {
			isa = PBXGroup;
			children = (
				BFD7720920D061FB003D3AF9 /* ExternalGameControllerManager.swift */,
				BFA5FCE320D3601B00A3C5AB /* MFi */,
				BFA5FCE220D3601300A3C5AB /* Keyboard */,
			);
			path = "Game Controllers";
			sourceTree = "<group>";
		};
		BFD7720B20D061FB003D3AF9 /* Extensions */ = {
			isa = PBXGroup;
			children = (
				BFD7720F20D061FB003D3AF9 /* CGGeometry+Dictionary.swift */,
				BFD7721120D061FB003D3AF9 /* UIImage+PDF.swift */,
				BFD7720E20D061FB003D3AF9 /* Thread+RealTime.swift */,
				BFD7720D20D061FB003D3AF9 /* UIScreen+ControllerSkin.swift */,
				BFD7720C20D061FB003D3AF9 /* UIDevice+Vibration.swift */,
				BFD7721020D061FB003D3AF9 /* CharacterSet+Hexadecimals.swift */,
				BFA5FCE420D36B0900A3C5AB /* UIResponder+FirstResponder.swift */,
				BFA5FCE620D36B6900A3C5AB /* UIApplication+AppExtension.swift */,
			);
			path = Extensions;
			sourceTree = "<group>";
		};
		BFD7721320D061FB003D3AF9 /* Supporting Files */ = {
			isa = PBXGroup;
			children = (
				BFD7721520D061FB003D3AF9 /* Info.plist */,
				BFD7721420D061FB003D3AF9 /* MFiGameController.deltamapping */,
				BFA5FCDF20D3112E00A3C5AB /* KeyboardGameController.deltamapping */,
			);
			path = "Supporting Files";
			sourceTree = "<group>";
		};
		BFD7721620D061FB003D3AF9 /* Model */ = {
			isa = PBXGroup;
			children = (
				BFD7721820D061FB003D3AF9 /* Game.swift */,
				BFD7721D20D061FB003D3AF9 /* SaveState.swift */,
				BFD7721B20D061FB003D3AF9 /* Cheat.swift */,
				BFD7721720D061FB003D3AF9 /* CheatFormat.swift */,
				BFD7721920D061FB003D3AF9 /* ControllerSkin.swift */,
				BFD7721E20D061FB003D3AF9 /* ControllerSkinTraits.swift */,
				BFD7721C20D061FB003D3AF9 /* GameControllerStateManager.swift */,
				BFD7721A20D061FB003D3AF9 /* GameControllerInputMapping.swift */,
				BFD7721F20D061FB003D3AF9 /* Inputs */,
			);
			path = Model;
			sourceTree = "<group>";
		};
		BFD7721F20D061FB003D3AF9 /* Inputs */ = {
			isa = PBXGroup;
			children = (
				BFD7722120D061FB003D3AF9 /* AnyInput.swift */,
				BFD7722020D061FB003D3AF9 /* StandardGameControllerInput.swift */,
			);
			path = Inputs;
			sourceTree = "<group>";
		};
		BFD7722220D061FB003D3AF9 /* Emulator Core */ = {
			isa = PBXGroup;
			children = (
				BFD7722920D061FB003D3AF9 /* EmulatorCore.swift */,
				BFD7722320D061FB003D3AF9 /* Video */,
				BFD7722620D061FB003D3AF9 /* Audio */,
			);
			path = "Emulator Core";
			sourceTree = "<group>";
		};
		BFD7722320D061FB003D3AF9 /* Video */ = {
			isa = PBXGroup;
			children = (
				BFD7722520D061FB003D3AF9 /* VideoFormat.swift */,
				BFD7722420D061FB003D3AF9 /* VideoManager.swift */,
			);
			path = Video;
			sourceTree = "<group>";
		};
		BFD7722620D061FB003D3AF9 /* Audio */ = {
			isa = PBXGroup;
			children = (
				BFD7722820D061FB003D3AF9 /* AudioManager.swift */,
				BFD7722720D061FB003D3AF9 /* RingBuffer.swift */,
			);
			path = Audio;
			sourceTree = "<group>";
		};
		BFD7722A20D061FB003D3AF9 /* Protocols */ = {
			isa = PBXGroup;
			children = (
				BFD7722B20D061FB003D3AF9 /* Model */,
				BFD7723420D061FB003D3AF9 /* Inputs */,
				BFD7723120D061FB003D3AF9 /* Rendering */,
			);
			path = Protocols;
			sourceTree = "<group>";
		};
		BFD7722B20D061FB003D3AF9 /* Model */ = {
			isa = PBXGroup;
			children = (
				BFD7722D20D061FB003D3AF9 /* GameProtocol.swift */,
				BFD7722E20D061FB003D3AF9 /* SaveStateProtocol.swift */,
				BFD7722C20D061FB003D3AF9 /* CheatProtocol.swift */,
				BFD7723020D061FB003D3AF9 /* ControllerSkinProtocol.swift */,
				BFD7722F20D061FB003D3AF9 /* GameControllerInputMappingProtocol.swift */,
			);
			path = Model;
			sourceTree = "<group>";
		};
		BFD7723120D061FB003D3AF9 /* Rendering */ = {
			isa = PBXGroup;
			children = (
				BFD7723320D061FB003D3AF9 /* AudioRendering.swift */,
				BFD7723220D061FB003D3AF9 /* VideoRendering.swift */,
			);
			path = Rendering;
			sourceTree = "<group>";
		};
		BFD7723420D061FB003D3AF9 /* Inputs */ = {
			isa = PBXGroup;
			children = (
				BFD7723620D061FB003D3AF9 /* Input.swift */,
				BFD7723520D061FB003D3AF9 /* GameController.swift */,
			);
			path = Inputs;
			sourceTree = "<group>";
		};
		BFD7723820D061FB003D3AF9 /* Cores */ = {
			isa = PBXGroup;
			children = (
				BFD7723920D061FB003D3AF9 /* DeltaCoreProtocol.swift */,
				BFD7723A20D061FB003D3AF9 /* EmulatorBridging.swift */,
			);
			path = Cores;
			sourceTree = "<group>";
		};
		BFD7726820D0623E003D3AF9 /* ZIPFoundation */ = {
			isa = PBXGroup;
			children = (
				BFD7726920D0623E003D3AF9 /* Archive.swift */,
				BFD7726A20D0623E003D3AF9 /* Archive+Reading.swift */,
				BFD7726D20D0623E003D3AF9 /* Archive+Writing.swift */,
				BFD7726B20D0623E003D3AF9 /* Entry.swift */,
				BFD7726C20D0623E003D3AF9 /* Data+Compression.swift */,
				BFD7726E20D0623E003D3AF9 /* Data+Serialization.swift */,
				BFD7726F20D0623E003D3AF9 /* FileManager+ZIP.swift */,
			);
			name = ZIPFoundation;
			path = ../../../Dependencies/DeltaCore/External/ZIPFoundation/Sources/ZIPFoundation;
			sourceTree = "<group>";
		};
		BFD7727A20D06914003D3AF9 /* NESDeltaCore */ = {
			isa = PBXGroup;
			children = (
				BFD7728720D06914003D3AF9 /* NESDeltaCore.h */,
				BFD7728520D06914003D3AF9 /* NES.swift */,
				BFD7728320D06914003D3AF9 /* Bridge */,
				BFD7729420D06FC0003D3AF9 /* nestopia */,
				BFD7729220D069B0003D3AF9 /* Supporting Files */,
			);
			name = NESDeltaCore;
			path = ../../../Dependencies/NESDeltaCore/NESDeltaCore;
			sourceTree = "<group>";
		};
		BFD7728320D06914003D3AF9 /* Bridge */ = {
			isa = PBXGroup;
			children = (
				BFD7728420D06914003D3AF9 /* NESEmulatorBridge.swift */,
			);
			path = Bridge;
			sourceTree = "<group>";
		};
		BFD7729220D069B0003D3AF9 /* Supporting Files */ = {
			isa = PBXGroup;
			children = (
				BFD7728620D06914003D3AF9 /* Info.plist */,
				BFD7728120D06914003D3AF9 /* Standard.deltaskin */,
				BFD7728220D06914003D3AF9 /* Standard.deltamapping */,
			);
			name = "Supporting Files";
			sourceTree = "<group>";
		};
		BFD7729420D06FC0003D3AF9 /* nestopia */ = {
			isa = PBXGroup;
			children = (
				BFAC941020D06FE600904D49 /* nestopia.js */,
			);
			name = nestopia;
			sourceTree = "<group>";
		};
/* End PBXGroup section */

/* Begin PBXNativeTarget section */
		5E086DBF2051C5A7004D8D25 /* PlaygroundBook */ = {
			isa = PBXNativeTarget;
			buildConfigurationList = 5E086DC52051C5A7004D8D25 /* Build configuration list for PBXNativeTarget "PlaygroundBook" */;
			buildPhases = (
				5E086DD22051E35D004D8D25 /* Copy Book Contents */,
				BFD7703520D058E1003D3AF9 /* Copy Delta Files */,
				5E086DC62051DB17004D8D25 /* Resources */,
			);
			buildRules = (
				BFCE070C20D235340095048E /* PBXBuildRule */,
				5E086DD42051E415004D8D25 /* PBXBuildRule */,
			);
			dependencies = (
				5EF2F9B52054BDD100191409 /* PBXTargetDependency */,
			);
			name = PlaygroundBook;
			productName = PlaygroundBook;
			productReference = 5E086DC02051C5A7004D8D25 /* DeltaLite.playgroundbook */;
			productType = "com.apple.product-type.bundle";
		};
		5EA2E3BC2056F35A00416A35 /* LiveViewTestApp */ = {
			isa = PBXNativeTarget;
			buildConfigurationList = 5EA2E3CE2056F35B00416A35 /* Build configuration list for PBXNativeTarget "LiveViewTestApp" */;
			buildPhases = (
				5EA2E3B92056F35A00416A35 /* Sources */,
				5EA2E3BA2056F35A00416A35 /* Frameworks */,
				5EA2E3BB2056F35A00416A35 /* Resources */,
				5EA2E3D92056F8BD00416A35 /* Embed Frameworks */,
				5EA2E3DD2056FB2900416A35 /* Embed Playground Book PublicResources & PrivateResources */,
			);
			buildRules = (
			);
			dependencies = (
				5EA2E3D02056F36100416A35 /* PBXTargetDependency */,
				5EA2E3D22056F36300416A35 /* PBXTargetDependency */,
			);
			name = LiveViewTestApp;
			productName = LiveViewTestApp;
			productReference = 5EA2E3BD2056F35A00416A35 /* LiveViewTestApp.app */;
			productType = "com.apple.product-type.application";
		};
		5EF2F9AA2054BBF300191409 /* Book_Sources */ = {
			isa = PBXNativeTarget;
			buildConfigurationList = 5EF2F9AF2054BBF300191409 /* Build configuration list for PBXNativeTarget "Book_Sources" */;
			buildPhases = (
				5EF2F9A72054BBF300191409 /* Sources */,
				5EF2F9A82054BBF300191409 /* Frameworks */,
			);
			buildRules = (
			);
			dependencies = (
			);
			name = Book_Sources;
			productName = Book_Sources;
			productReference = 5EF2F9AB2054BBF300191409 /* libBook_Sources.a */;
			productType = "com.apple.product-type.library.static";
		};
/* End PBXNativeTarget section */

/* Begin PBXProject section */
		5E2A7ADD204F611300F4E17A /* Project object */ = {
			isa = PBXProject;
			attributes = {
				LastSwiftUpdateCheck = 0930;
				LastUpgradeCheck = 0930;
				TargetAttributes = {
					5E086DBF2051C5A7004D8D25 = {
						CreatedOnToolsVersion = 9.3;
					};
					5EA2E3BC2056F35A00416A35 = {
						CreatedOnToolsVersion = 9.3;
					};
					5EF2F9AA2054BBF300191409 = {
						CreatedOnToolsVersion = 9.3;
					};
				};
			};
			buildConfigurationList = 5E2A7AE0204F611300F4E17A /* Build configuration list for PBXProject "PlaygroundBook" */;
			compatibilityVersion = "Xcode 9.3";
			developmentRegion = en;
			hasScannedForEncodings = 0;
			knownRegions = (
				en,
				Base,
			);
			mainGroup = 5E2A7ADC204F611300F4E17A;
			productRefGroup = 5E086DA4204F706E004D8D25 /* Products */;
			projectDirPath = "";
			projectRoot = "";
			targets = (
				5E086DBF2051C5A7004D8D25 /* PlaygroundBook */,
				5EF2F9AA2054BBF300191409 /* Book_Sources */,
				5EA2E3BC2056F35A00416A35 /* LiveViewTestApp */,
			);
		};
/* End PBXProject section */

/* Begin PBXResourcesBuildPhase section */
		5E086DC62051DB17004D8D25 /* Resources */ = {
			isa = PBXResourcesBuildPhase;
			buildActionMask = 2147483647;
			files = (
				BFCE073E20D23DFC0095048E /* Pause@2x.png in Resources */,
				BFCE071D20D23C3F0095048E /* RSTPlaceholderView.xib in Resources */,
				BFCE071E20D23C3F0095048E /* Delta.xcdatamodeld in Resources */,
				BFCE071F20D23C3F0095048E /* PausePresentationControllerContentView.xib in Resources */,
				BFCE072020D23C3F0095048E /* PauseMenu.storyboard in Resources */,
				BFCE073F20D23DFC0095048E /* LoadSaveState@2x.png in Resources */,
				BFCE072120D23C3F0095048E /* MFiGameController.deltamapping in Resources */,
				BFCE072220D23C3F0095048E /* nestopia.js in Resources */,
				BFCE074320D23DFC0095048E /* SustainButtons@2x.png in Resources */,
				BFCE072320D23C3F0095048E /* Standard.deltaskin in Resources */,
				BFCE072420D23C3F0095048E /* Standard.deltamapping in Resources */,
				BFA5FCE020D3112E00A3C5AB /* KeyboardGameController.deltamapping in Resources */,
				BFCE072520D23C3F0095048E /* ManifestPlist.strings in Resources */,
				BFCE072620D23C3F0095048E /* LiveView.storyboard in Resources */,
				BFCE074120D23DFC0095048E /* FastForward@2x.png in Resources */,
				BFCE074220D23DFC0095048E /* SaveSaveState@2x.png in Resources */,
				BFCE074020D23DFC0095048E /* CheatCodes@2x.png in Resources */,
			);
			runOnlyForDeploymentPostprocessing = 0;
		};
		5EA2E3BB2056F35A00416A35 /* Resources */ = {
			isa = PBXResourcesBuildPhase;
			buildActionMask = 2147483647;
			files = (
				BFAC941B20D0840100904D49 /* Main.storyboard in Resources */,
				5EA2E3CA2056F35B00416A35 /* LiveViewTestAppLaunchScreen.storyboard in Resources */,
				BFCE074420D24F6A0095048E /* PauseMenu.storyboard in Resources */,
				BFAC941720D0812400904D49 /* LiveView.storyboard in Resources */,
			);
			runOnlyForDeploymentPostprocessing = 0;
		};
/* End PBXResourcesBuildPhase section */

/* Begin PBXShellScriptBuildPhase section */
		5EA2E3DD2056FB2900416A35 /* Embed Playground Book PublicResources & PrivateResources */ = {
			isa = PBXShellScriptBuildPhase;
			buildActionMask = 2147483647;
			files = (
			);
			inputPaths = (
				"$(BUILT_PRODUCTS_DIR)/PlaygroundBook.playgroundbook",
			);
			name = "Embed Playground Book PublicResources & PrivateResources";
			outputPaths = (
				"$(DERIVED_FILE_DIR)/embed-resources-marker",
			);
			runOnlyForDeploymentPostprocessing = 0;
			shellPath = /bin/sh;
			shellScript = "PLAYGROUND_BOOK_PATH=\"${BUILT_PRODUCTS_DIR}/${PLAYGROUND_BOOK_FILE_NAME}.playgroundbook\"\nPRIVATERESOURCES_FOLDER_PATH=\"${PLAYGROUND_BOOK_PATH}/Contents/PrivateResources\"\nPUBLICRESOURCES_FOLDER_PATH=\"${PLAYGROUND_BOOK_PATH}/Contents/PublicResources\"\n\nDESTINATION_FOLDER_PATH=\"${TARGET_BUILD_DIR}/${UNLOCALIZED_RESOURCES_FOLDER_PATH}\"\n\nif [[ -d \"${PRIVATERESOURCES_FOLDER_PATH}\" ]]; then\n    ditto \"${PRIVATERESOURCES_FOLDER_PATH}\" \"${DESTINATION_FOLDER_PATH}\"\nfi\n\nif [[ -d \"${PUBLICRESOURCES_FOLDER_PATH}\" ]]; then\n    ditto \"${PUBLICRESOURCES_FOLDER_PATH}\" \"${DESTINATION_FOLDER_PATH}\"\nfi\n\nmkdir -p \"${DERIVED_FILE_DIR}\"\ntouch \"${DERIVED_FILE_DIR}/embed-resources-marker\"";
		};
/* End PBXShellScriptBuildPhase section */

/* Begin PBXSourcesBuildPhase section */
		5EA2E3B92056F35A00416A35 /* Sources */ = {
			isa = PBXSourcesBuildPhase;
			buildActionMask = 2147483647;
			files = (
				BFAC941920D083BA00904D49 /* ViewController.swift in Sources */,
				BFCE06F220D1E2520095048E /* Delta.xcdatamodeld in Sources */,
				5EA2E3C02056F35A00416A35 /* AppDelegate.swift in Sources */,
			);
			runOnlyForDeploymentPostprocessing = 0;
		};
		5EF2F9A72054BBF300191409 /* Sources */ = {
			isa = PBXSourcesBuildPhase;
			buildActionMask = 2147483647;
			files = (
				BFD7726220D061FB003D3AF9 /* Input.swift in Sources */,
				BFCE06AF20D1C0740095048E /* SaveStatesViewController.swift in Sources */,
				BFCE06F920D2224F0095048E /* EditCheatViewController.swift in Sources */,
				BFCE06E720D1CEB80095048E /* EmulatorCore+Cheats.swift in Sources */,
				BFD7724B20D061FB003D3AF9 /* CheatFormat.swift in Sources */,
				BFCE06FB20D2224F0095048E /* CheatTextView.swift in Sources */,
				BFD7725120D061FB003D3AF9 /* SaveState.swift in Sources */,
				BFD7723F20D061FB003D3AF9 /* ControllerView.swift in Sources */,
				BFD7723C20D061FB003D3AF9 /* SamplerFilter.swift in Sources */,
				BFD7724020D061FB003D3AF9 /* ControllerDebugView.swift in Sources */,
				BF7AB2C820D10FC200A678D6 /* RSTOperationQueue.swift in Sources */,
				BFCE06EE20D1E23F0095048E /* NESSaveState.swift in Sources */,
				BF7AB2C420D104C200A678D6 /* RSTCollectionViewChangeOperation.swift in Sources */,
				BFD7726320D061FB003D3AF9 /* Delta.swift in Sources */,
				BFA5FCDE20D2E1A300A3C5AB /* KeyboardResponder.swift in Sources */,
				5E3196F32061DEA40077BBD7 /* LiveViewSupport.swift in Sources */,
				BF7AB2BB20D0C40000A678D6 /* DeltaCoreProtocol+Delta.swift in Sources */,
				BFD7725D20D061FB003D3AF9 /* GameControllerInputMappingProtocol.swift in Sources */,
				BFD7725B20D061FB003D3AF9 /* GameProtocol.swift in Sources */,
				BF7AB2AA20D0B5AC00A678D6 /* PauseTransitionCoordinator.swift in Sources */,
				BFD7724420D061FB003D3AF9 /* MFiGameController.swift in Sources */,
				BFCE075120D268270095048E /* KeyboardGameController.swift in Sources */,
				BFD7725A20D061FB003D3AF9 /* CheatProtocol.swift in Sources */,
				BFCE06D920D1C8BC0095048E /* LoadImageURLOperation.swift in Sources */,
				BFD7724E20D061FB003D3AF9 /* GameControllerInputMapping.swift in Sources */,
				BF7AB2C620D106CB00A678D6 /* RSTCellContentDataSource.swift in Sources */,
				5EF2F9AE2054BBF300191409 /* LiveGameViewController.swift in Sources */,
				BFD7727320D0623E003D3AF9 /* Data+Compression.swift in Sources */,
				BFD7724D20D061FB003D3AF9 /* ControllerSkin.swift in Sources */,
				BFCE06E020D1CB410095048E /* FileManager+Conveniences.swift in Sources */,
				BFD7724620D061FB003D3AF9 /* UIScreen+ControllerSkin.swift in Sources */,
				BFD7725020D061FB003D3AF9 /* GameControllerStateManager.swift in Sources */,
				BFCE06A420D1BA3D0095048E /* RSTFetchedResultsDataSource.swift in Sources */,
				BF7AB29D20D0B55000A678D6 /* MenuItem.swift in Sources */,
				BFD7724220D061FB003D3AF9 /* ExtensibleEnums.swift in Sources */,
				BFD7725520D061FB003D3AF9 /* VideoManager.swift in Sources */,
				BFD7723B20D061FB003D3AF9 /* FilterChain.swift in Sources */,
				BFD7725F20D061FB003D3AF9 /* VideoRendering.swift in Sources */,
				BFD7728F20D06914003D3AF9 /* NESEmulatorBridge.swift in Sources */,
				BFCE06D020D1C5240095048E /* _Cheat.swift in Sources */,
				BFCE06AE20D1C0740095048E /* SaveStatesCollectionHeaderView.swift in Sources */,
				BFD7725920D061FB003D3AF9 /* EmulatorCore.swift in Sources */,
				BFD7727120D0623E003D3AF9 /* Archive+Reading.swift in Sources */,
				BFD7723E20D061FB003D3AF9 /* GameViewController.swift in Sources */,
				BFCE06D720D1C6250095048E /* NSManagedObjectContext+Conveniences.swift in Sources */,
				BFCE06FC20D2224F0095048E /* CheatsViewController.swift in Sources */,
				BFD7727220D0623E003D3AF9 /* Entry.swift in Sources */,
				BFD7725620D061FB003D3AF9 /* VideoFormat.swift in Sources */,
				BFCE06ED20D1E23F0095048E /* NESGame.swift in Sources */,
				BFD7725220D061FB003D3AF9 /* ControllerSkinTraits.swift in Sources */,
				BFD7727520D0623E003D3AF9 /* Data+Serialization.swift in Sources */,
				BF7AB2B020D0BA0000A678D6 /* UIColor+Delta.swift in Sources */,
				BFD7726520D061FB003D3AF9 /* EmulatorBridging.swift in Sources */,
				BFD7727420D0623E003D3AF9 /* Archive+Writing.swift in Sources */,
				BF7AB2C220D0FF4E00A678D6 /* RSTCellContentView.swift in Sources */,
				BFD7729020D06914003D3AF9 /* NES.swift in Sources */,
				BF7AB2A120D0B56900A678D6 /* GridCollectionViewCell.swift in Sources */,
				BF7AB29C20D0B55000A678D6 /* PauseViewController.swift in Sources */,
				BF7AB29B20D0B55000A678D6 /* GridMenuViewController.swift in Sources */,
				BFD7726020D061FB003D3AF9 /* AudioRendering.swift in Sources */,
				BFD7724C20D061FB003D3AF9 /* Game.swift in Sources */,
				BFD7724A20D061FB003D3AF9 /* UIImage+PDF.swift in Sources */,
				BFD7725320D061FB003D3AF9 /* StandardGameControllerInput.swift in Sources */,
				BFD7724320D061FB003D3AF9 /* ExternalGameControllerManager.swift in Sources */,
				BFCE06B220D1C50B0095048E /* DatabaseManager.swift in Sources */,
				BF7AB2A520D0B59A00A678D6 /* PausePresentationController.swift in Sources */,
				BFCE06EC20D1E23F0095048E /* NESCheat.swift in Sources */,
				BF7AB2BE20D0C43900A678D6 /* System.swift in Sources */,
				BFD7724920D061FB003D3AF9 /* CharacterSet+Hexadecimals.swift in Sources */,
				BFCE06D320D1C6140095048E /* Action.swift in Sources */,
				BF7AB2A020D0B56900A678D6 /* GridCollectionViewLayout.swift in Sources */,
				BFD7727620D0623E003D3AF9 /* FileManager+ZIP.swift in Sources */,
				BFD7726120D061FB003D3AF9 /* GameController.swift in Sources */,
				BFD7725420D061FB003D3AF9 /* AnyInput.swift in Sources */,
				BFD7724520D061FB003D3AF9 /* UIDevice+Vibration.swift in Sources */,
				BFD7725C20D061FB003D3AF9 /* SaveStateProtocol.swift in Sources */,
				BFD7724120D061FB003D3AF9 /* DeltaCore.m in Sources */,
				BFD7725820D061FB003D3AF9 /* AudioManager.swift in Sources */,
				BFCE06D620D1C6250095048E /* NSManagedObject+Conveniences.swift in Sources */,
				BFCE074F20D25B580095048E /* SHA1.swift in Sources */,
				BFCE06E220D1CDBF0095048E /* DLTAGameViewController.swift in Sources */,
				BFD7724820D061FB003D3AF9 /* CGGeometry+Dictionary.swift in Sources */,
				BFCE06FA20D2224F0095048E /* CheatValidator.swift in Sources */,
				BF7AB2B220D0BD7000A678D6 /* UILabel+FontSize.swift in Sources */,
				BFD7725720D061FB003D3AF9 /* RingBuffer.swift in Sources */,
				BFA5FCE720D36B6900A3C5AB /* UIApplication+AppExtension.swift in Sources */,
				BFCE06DD20D1CA850095048E /* UIViewController+TransitionState.swift in Sources */,
				BFD7723D20D061FB003D3AF9 /* GameView.swift in Sources */,
				BF46349E20D9638F00CD12FD /* Settings.swift in Sources */,
				BFCE06CF20D1C5240095048E /* _SaveState.swift in Sources */,
				BFCE06CE20D1C5240095048E /* _Game.swift in Sources */,
				BFD7724720D061FB003D3AF9 /* Thread+RealTime.swift in Sources */,
				BFCE06E520D1CE840095048E /* ActionInput.swift in Sources */,
				BFD7727020D0623E003D3AF9 /* Archive.swift in Sources */,
				BFD7725E20D061FB003D3AF9 /* ControllerSkinProtocol.swift in Sources */,
				BFCE06AA20D1BF570095048E /* RSTPlaceholderView.swift in Sources */,
				BFCE06FD20D2224F0095048E /* CheatTableViewCell.swift in Sources */,
				BF7AB2A920D0B5AC00A678D6 /* PauseStoryboardSegue.swift in Sources */,
				BFA5FCE520D36B0900A3C5AB /* UIResponder+FirstResponder.swift in Sources */,
				BF7AB2AD20D0B9C900A678D6 /* Roxas.swift in Sources */,
				BFD7724F20D061FB003D3AF9 /* Cheat.swift in Sources */,
				BFD7726420D061FB003D3AF9 /* DeltaCoreProtocol.swift in Sources */,
			);
			runOnlyForDeploymentPostprocessing = 0;
		};
/* End PBXSourcesBuildPhase section */

/* Begin PBXTargetDependency section */
		5EA2E3D02056F36100416A35 /* PBXTargetDependency */ = {
			isa = PBXTargetDependency;
			target = 5E086DBF2051C5A7004D8D25 /* PlaygroundBook */;
			targetProxy = 5EA2E3CF2056F36100416A35 /* PBXContainerItemProxy */;
		};
		5EA2E3D22056F36300416A35 /* PBXTargetDependency */ = {
			isa = PBXTargetDependency;
			target = 5EF2F9AA2054BBF300191409 /* Book_Sources */;
			targetProxy = 5EA2E3D12056F36300416A35 /* PBXContainerItemProxy */;
		};
		5EF2F9B52054BDD100191409 /* PBXTargetDependency */ = {
			isa = PBXTargetDependency;
			target = 5EF2F9AA2054BBF300191409 /* Book_Sources */;
			targetProxy = 5EF2F9B42054BDD100191409 /* PBXContainerItemProxy */;
		};
/* End PBXTargetDependency section */

/* Begin PBXVariantGroup section */
		5E086DCC2051DDAE004D8D25 /* LiveView.storyboard */ = {
			isa = PBXVariantGroup;
			children = (
				5E086DCD2051DDB8004D8D25 /* Base */,
			);
			name = LiveView.storyboard;
			sourceTree = "<group>";
		};
		5EA2E3C82056F35B00416A35 /* LiveViewTestAppLaunchScreen.storyboard */ = {
			isa = PBXVariantGroup;
			children = (
				5EA2E3C92056F35B00416A35 /* Base */,
			);
			name = LiveViewTestAppLaunchScreen.storyboard;
			sourceTree = "<group>";
		};
		5EF2F97E2054B6E400191409 /* ManifestPlist.strings */ = {
			isa = PBXVariantGroup;
			children = (
				5EF2F97D2054B6E400191409 /* en */,
			);
			name = ManifestPlist.strings;
			sourceTree = "<group>";
		};
/* End PBXVariantGroup section */

/* Begin XCBuildConfiguration section */
		5E086DC32051C5A7004D8D25 /* Debug */ = {
			isa = XCBuildConfiguration;
			baseConfigurationReference = 5E086DC72051DD03004D8D25 /* BookOverridingBuildSettings.xcconfig */;
			buildSettings = {
				COMBINE_HIDPI_IMAGES = YES;
				CURRENT_PROJECT_VERSION = 1.0;
				GCC_DYNAMIC_NO_PIC = NO;
				INSTALL_PATH = /;
				IPHONEOS_DEPLOYMENT_TARGET = 11.0;
				PRODUCT_BUNDLE_IDENTIFIER = "$(PLAYGROUND_BOOK_CONTENT_IDENTIFIER)";
				PRODUCT_NAME = "$(PLAYGROUND_BOOK_FILE_NAME)";
				SKIP_INSTALL = NO;
			};
			name = Debug;
		};
		5E086DC42051C5A7004D8D25 /* Release */ = {
			isa = XCBuildConfiguration;
			baseConfigurationReference = 5E086DC72051DD03004D8D25 /* BookOverridingBuildSettings.xcconfig */;
			buildSettings = {
				COMBINE_HIDPI_IMAGES = YES;
				CURRENT_PROJECT_VERSION = 1.0;
				INSTALL_PATH = /;
				IPHONEOS_DEPLOYMENT_TARGET = 11.0;
				PRODUCT_BUNDLE_IDENTIFIER = "$(PLAYGROUND_BOOK_CONTENT_IDENTIFIER)";
				PRODUCT_NAME = "$(PLAYGROUND_BOOK_FILE_NAME)";
				SKIP_INSTALL = NO;
			};
			name = Release;
		};
		5E2A7AE1204F611300F4E17A /* Debug */ = {
			isa = XCBuildConfiguration;
			baseConfigurationReference = 5E0E37522065981C008FA4BE /* BuildSettings.xcconfig */;
			buildSettings = {
				ALWAYS_SEARCH_USER_PATHS = NO;
				CLANG_ANALYZER_NONNULL = YES;
				CLANG_ANALYZER_NUMBER_OBJECT_CONVERSION = YES_AGGRESSIVE;
				CLANG_CXX_LANGUAGE_STANDARD = "gnu++14";
				CLANG_CXX_LIBRARY = "libc++";
				CLANG_ENABLE_MODULES = YES;
				CLANG_ENABLE_OBJC_ARC = YES;
				CLANG_ENABLE_OBJC_WEAK = YES;
				CLANG_WARN_BLOCK_CAPTURE_AUTORELEASING = YES;
				CLANG_WARN_BOOL_CONVERSION = YES;
				CLANG_WARN_COMMA = YES;
				CLANG_WARN_CONSTANT_CONVERSION = YES;
				CLANG_WARN_DEPRECATED_OBJC_IMPLEMENTATIONS = YES;
				CLANG_WARN_DIRECT_OBJC_ISA_USAGE = YES_ERROR;
				CLANG_WARN_DOCUMENTATION_COMMENTS = YES;
				CLANG_WARN_EMPTY_BODY = YES;
				CLANG_WARN_ENUM_CONVERSION = YES;
				CLANG_WARN_INFINITE_RECURSION = YES;
				CLANG_WARN_INT_CONVERSION = YES;
				CLANG_WARN_NON_LITERAL_NULL_CONVERSION = YES;
				CLANG_WARN_OBJC_IMPLICIT_RETAIN_SELF = YES;
				CLANG_WARN_OBJC_LITERAL_CONVERSION = YES;
				CLANG_WARN_OBJC_ROOT_CLASS = YES_ERROR;
				CLANG_WARN_RANGE_LOOP_ANALYSIS = YES;
				CLANG_WARN_STRICT_PROTOTYPES = YES;
				CLANG_WARN_SUSPICIOUS_MOVE = YES;
				CLANG_WARN_UNGUARDED_AVAILABILITY = YES_AGGRESSIVE;
				CLANG_WARN_UNREACHABLE_CODE = YES;
				CLANG_WARN__DUPLICATE_METHOD_MATCH = YES;
				COPY_PHASE_STRIP = NO;
				DEBUG_INFORMATION_FORMAT = dwarf;
				ENABLE_STRICT_OBJC_MSGSEND = YES;
				ENABLE_TESTABILITY = YES;
				GCC_C_LANGUAGE_STANDARD = gnu11;
				GCC_NO_COMMON_BLOCKS = YES;
				GCC_OPTIMIZATION_LEVEL = 0;
				GCC_PREPROCESSOR_DEFINITIONS = (
					"DEBUG=1",
					"$(inherited)",
				);
				GCC_WARN_64_TO_32_BIT_CONVERSION = YES;
				GCC_WARN_ABOUT_RETURN_TYPE = YES_ERROR;
				GCC_WARN_UNDECLARED_SELECTOR = YES;
				GCC_WARN_UNINITIALIZED_AUTOS = YES_AGGRESSIVE;
				GCC_WARN_UNUSED_FUNCTION = YES;
				GCC_WARN_UNUSED_VARIABLE = YES;
				IPHONEOS_DEPLOYMENT_TARGET = 10.3;
				MTL_ENABLE_DEBUG_INFO = YES;
				ONLY_ACTIVE_ARCH = YES;
				SDKROOT = iphoneos;
				SWIFT_ACTIVE_COMPILATION_CONDITIONS = "$(inherited) DEBUG";
				SWIFT_OPTIMIZATION_LEVEL = "-Onone";
				SWIFT_VERSION = 4.1;
			};
			name = Debug;
		};
		5E2A7AE2204F611300F4E17A /* Release */ = {
			isa = XCBuildConfiguration;
			baseConfigurationReference = 5E0E37522065981C008FA4BE /* BuildSettings.xcconfig */;
			buildSettings = {
				ALWAYS_SEARCH_USER_PATHS = NO;
				CLANG_ANALYZER_NONNULL = YES;
				CLANG_ANALYZER_NUMBER_OBJECT_CONVERSION = YES_AGGRESSIVE;
				CLANG_CXX_LANGUAGE_STANDARD = "gnu++14";
				CLANG_CXX_LIBRARY = "libc++";
				CLANG_ENABLE_MODULES = YES;
				CLANG_ENABLE_OBJC_ARC = YES;
				CLANG_ENABLE_OBJC_WEAK = YES;
				CLANG_WARN_BLOCK_CAPTURE_AUTORELEASING = YES;
				CLANG_WARN_BOOL_CONVERSION = YES;
				CLANG_WARN_COMMA = YES;
				CLANG_WARN_CONSTANT_CONVERSION = YES;
				CLANG_WARN_DEPRECATED_OBJC_IMPLEMENTATIONS = YES;
				CLANG_WARN_DIRECT_OBJC_ISA_USAGE = YES_ERROR;
				CLANG_WARN_DOCUMENTATION_COMMENTS = YES;
				CLANG_WARN_EMPTY_BODY = YES;
				CLANG_WARN_ENUM_CONVERSION = YES;
				CLANG_WARN_INFINITE_RECURSION = YES;
				CLANG_WARN_INT_CONVERSION = YES;
				CLANG_WARN_NON_LITERAL_NULL_CONVERSION = YES;
				CLANG_WARN_OBJC_IMPLICIT_RETAIN_SELF = YES;
				CLANG_WARN_OBJC_LITERAL_CONVERSION = YES;
				CLANG_WARN_OBJC_ROOT_CLASS = YES_ERROR;
				CLANG_WARN_RANGE_LOOP_ANALYSIS = YES;
				CLANG_WARN_STRICT_PROTOTYPES = YES;
				CLANG_WARN_SUSPICIOUS_MOVE = YES;
				CLANG_WARN_UNGUARDED_AVAILABILITY = YES_AGGRESSIVE;
				CLANG_WARN_UNREACHABLE_CODE = YES;
				CLANG_WARN__DUPLICATE_METHOD_MATCH = YES;
				COPY_PHASE_STRIP = NO;
				DEBUG_INFORMATION_FORMAT = "dwarf-with-dsym";
				ENABLE_NS_ASSERTIONS = NO;
				ENABLE_STRICT_OBJC_MSGSEND = YES;
				GCC_C_LANGUAGE_STANDARD = gnu11;
				GCC_NO_COMMON_BLOCKS = YES;
				GCC_WARN_64_TO_32_BIT_CONVERSION = YES;
				GCC_WARN_ABOUT_RETURN_TYPE = YES_ERROR;
				GCC_WARN_UNDECLARED_SELECTOR = YES;
				GCC_WARN_UNINITIALIZED_AUTOS = YES_AGGRESSIVE;
				GCC_WARN_UNUSED_FUNCTION = YES;
				GCC_WARN_UNUSED_VARIABLE = YES;
				IPHONEOS_DEPLOYMENT_TARGET = 10.3;
				MTL_ENABLE_DEBUG_INFO = NO;
				SDKROOT = iphoneos;
				SWIFT_COMPILATION_MODE = wholemodule;
				SWIFT_OPTIMIZATION_LEVEL = "-O";
				SWIFT_VERSION = 4.1;
			};
			name = Release;
		};
		5EA2E3CC2056F35B00416A35 /* Debug */ = {
			isa = XCBuildConfiguration;
			buildSettings = {
				ALWAYS_EMBED_SWIFT_STANDARD_LIBRARIES = YES;
				CODE_SIGN_IDENTITY = "iPhone Developer";
				CODE_SIGN_STYLE = Automatic;
				DEVELOPMENT_TEAM = 6XVY5G3U44;
				GCC_DYNAMIC_NO_PIC = NO;
				INFOPLIST_FILE = LiveViewTestApp/Info.plist;
				IPHONEOS_DEPLOYMENT_TARGET = 11.0;
				LD_RUNPATH_SEARCH_PATHS = (
					"$(inherited)",
					"@executable_path/Frameworks",
				);
				OTHER_LDFLAGS = "-all_load";
				PRODUCT_BUNDLE_IDENTIFIER = com.example.LiveViewTestApp;
				PRODUCT_NAME = "$(TARGET_NAME)";
				SWIFT_ACTIVE_COMPILATION_CONDITIONS = DEBUG;
				SWIFT_VERSION = 4.0;
				SYSTEM_FRAMEWORK_SEARCH_PATHS = (
					"\"$(OTHER_FRAMEWORKS_DIR)\"",
					"$(inherited)",
				);
			};
			name = Debug;
		};
		5EA2E3CD2056F35B00416A35 /* Release */ = {
			isa = XCBuildConfiguration;
			buildSettings = {
				ALWAYS_EMBED_SWIFT_STANDARD_LIBRARIES = YES;
				CODE_SIGN_IDENTITY = "iPhone Developer";
				CODE_SIGN_STYLE = Automatic;
				DEVELOPMENT_TEAM = 6XVY5G3U44;
				INFOPLIST_FILE = LiveViewTestApp/Info.plist;
				IPHONEOS_DEPLOYMENT_TARGET = 11.0;
				LD_RUNPATH_SEARCH_PATHS = (
					"$(inherited)",
					"@executable_path/Frameworks",
				);
				OTHER_LDFLAGS = "-all_load";
				PRODUCT_BUNDLE_IDENTIFIER = com.example.LiveViewTestApp;
				PRODUCT_NAME = "$(TARGET_NAME)";
				SWIFT_VERSION = 4.0;
				SYSTEM_FRAMEWORK_SEARCH_PATHS = (
					"\"$(OTHER_FRAMEWORKS_DIR)\"",
					"$(inherited)",
				);
				VALIDATE_PRODUCT = YES;
			};
			name = Release;
		};
		5EF2F9B02054BBF300191409 /* Debug */ = {
			isa = XCBuildConfiguration;
			buildSettings = {
				APPLICATION_EXTENSION_API_ONLY = YES;
				CODE_SIGN_IDENTITY = "";
				CODE_SIGN_STYLE = Manual;
				GCC_DYNAMIC_NO_PIC = NO;
				OTHER_LDFLAGS = "-ObjC";
				PRODUCT_NAME = "$(TARGET_NAME)";
				SKIP_INSTALL = YES;
				SWIFT_OBJC_INTERFACE_HEADER_NAME = "";
			};
			name = Debug;
		};
		5EF2F9B12054BBF300191409 /* Release */ = {
			isa = XCBuildConfiguration;
			buildSettings = {
				APPLICATION_EXTENSION_API_ONLY = YES;
				CODE_SIGN_IDENTITY = "";
				CODE_SIGN_STYLE = Manual;
				OTHER_LDFLAGS = "-ObjC";
				PRODUCT_NAME = "$(TARGET_NAME)";
				SKIP_INSTALL = YES;
				SWIFT_OBJC_INTERFACE_HEADER_NAME = "";
				VALIDATE_PRODUCT = YES;
			};
			name = Release;
		};
/* End XCBuildConfiguration section */

/* Begin XCConfigurationList section */
		5E086DC52051C5A7004D8D25 /* Build configuration list for PBXNativeTarget "PlaygroundBook" */ = {
			isa = XCConfigurationList;
			buildConfigurations = (
				5E086DC32051C5A7004D8D25 /* Debug */,
				5E086DC42051C5A7004D8D25 /* Release */,
			);
			defaultConfigurationIsVisible = 0;
			defaultConfigurationName = Release;
		};
		5E2A7AE0204F611300F4E17A /* Build configuration list for PBXProject "PlaygroundBook" */ = {
			isa = XCConfigurationList;
			buildConfigurations = (
				5E2A7AE1204F611300F4E17A /* Debug */,
				5E2A7AE2204F611300F4E17A /* Release */,
			);
			defaultConfigurationIsVisible = 0;
			defaultConfigurationName = Release;
		};
		5EA2E3CE2056F35B00416A35 /* Build configuration list for PBXNativeTarget "LiveViewTestApp" */ = {
			isa = XCConfigurationList;
			buildConfigurations = (
				5EA2E3CC2056F35B00416A35 /* Debug */,
				5EA2E3CD2056F35B00416A35 /* Release */,
			);
			defaultConfigurationIsVisible = 0;
			defaultConfigurationName = Release;
		};
		5EF2F9AF2054BBF300191409 /* Build configuration list for PBXNativeTarget "Book_Sources" */ = {
			isa = XCConfigurationList;
			buildConfigurations = (
				5EF2F9B02054BBF300191409 /* Debug */,
				5EF2F9B12054BBF300191409 /* Release */,
			);
			defaultConfigurationIsVisible = 0;
			defaultConfigurationName = Release;
		};
/* End XCConfigurationList section */

/* Begin XCVersionGroup section */
		BFCE06EF20D1E2520095048E /* Delta.xcdatamodeld */ = {
			isa = XCVersionGroup;
			children = (
				BFCE06F020D1E2520095048E /* Delta.xcdatamodel */,
				BFCE06F120D1E2520095048E /* Delta 2.xcdatamodel */,
			);
			currentVersion = BFCE06F020D1E2520095048E /* Delta.xcdatamodel */;
			path = Delta.xcdatamodeld;
			sourceTree = "<group>";
			versionGroupType = wrapper.xcdatamodel;
		};
/* End XCVersionGroup section */
	};
	rootObject = 5E2A7ADD204F611300F4E17A /* Project object */;
}
